// !$*UTF8*$!
{
	archiveVersion = 1;
	classes = {
	};
	objectVersion = 46;
	objects = {

/* Begin PBXBuildFile section */
		2F57FEFA9682457E853D1A4D /* libPods.a in Frameworks */ = {isa = PBXBuildFile; fileRef = 5D1EBCE35BD04265881DE629 /* libPods.a */; };
		6E0AB74018B7B01C003DCF1E /* QuartzCore.framework in Frameworks */ = {isa = PBXBuildFile; fileRef = 6E0AB73F18B7B01C003DCF1E /* QuartzCore.framework */; };
		6E0AB74318B7C500003DCF1E /* LocaisTableViewController.m in Sources */ = {isa = PBXBuildFile; fileRef = 6E0AB74218B7C500003DCF1E /* LocaisTableViewController.m */; };
		6E1A0194194FB52C00AA0ABF /* coracaoCurtido@2x.png in Resources */ = {isa = PBXBuildFile; fileRef = 6E1A0193194FB52C00AA0ABF /* coracaoCurtido@2x.png */; };
		6E1D84A618D7382D00CF5496 /* icone_inicio@2x.png in Resources */ = {isa = PBXBuildFile; fileRef = 6E1D84A518D7382D00CF5496 /* icone_inicio@2x.png */; };
		6E211F5E18DFBE3F008DCC1F /* LocaisProximosTableViewController.m in Sources */ = {isa = PBXBuildFile; fileRef = 6E211F5D18DFBE3F008DCC1F /* LocaisProximosTableViewController.m */; };
		6E28FB7D192E7689008EBF48 /* ico_fem@2x.png in Resources */ = {isa = PBXBuildFile; fileRef = 6E28FB7B192E7689008EBF48 /* ico_fem@2x.png */; };
		6E28FB7E192E7689008EBF48 /* ico_mas@2x.png in Resources */ = {isa = PBXBuildFile; fileRef = 6E28FB7C192E7689008EBF48 /* ico_mas@2x.png */; };
		6E2ABFDC1924DE7E00C8CE36 /* TipoLocalTableViewCell.m in Sources */ = {isa = PBXBuildFile; fileRef = 6E2ABFDB1924DE7E00C8CE36 /* TipoLocalTableViewCell.m */; };
		6E3596F418D9340700C5D4B4 /* Checkin.m in Sources */ = {isa = PBXBuildFile; fileRef = 6E3596F318D9340700C5D4B4 /* Checkin.m */; };
		6E36D750191AF722003598C4 /* LocaisProximosTableViewCell.m in Sources */ = {isa = PBXBuildFile; fileRef = 6E36D74F191AF722003598C4 /* LocaisProximosTableViewCell.m */; };
		6E402A191925BC4100EF9052 /* map.png in Resources */ = {isa = PBXBuildFile; fileRef = 6E402A171925BC4100EF9052 /* map.png */; };
		6E402A1A1925BC4100EF9052 /* rocket.png in Resources */ = {isa = PBXBuildFile; fileRef = 6E402A181925BC4100EF9052 /* rocket.png */; };
		6E402A1C1925C8B600EF9052 /* chat.png in Resources */ = {isa = PBXBuildFile; fileRef = 6E402A1B1925C8B600EF9052 /* chat.png */; };
		6E402A1F1925C9EE00EF9052 /* ConfirmaAdicaoViewController.m in Sources */ = {isa = PBXBuildFile; fileRef = 6E402A1E1925C9EE00EF9052 /* ConfirmaAdicaoViewController.m */; };
		6E428D7A1957AFD30031B7F2 /* GenerosTableViewController.m in Sources */ = {isa = PBXBuildFile; fileRef = 6E428D791957AFD30031B7F2 /* GenerosTableViewController.m */; };
		6E428D7D1957B0430031B7F2 /* GenerosTableViewCell.m in Sources */ = {isa = PBXBuildFile; fileRef = 6E428D7C1957B0430031B7F2 /* GenerosTableViewCell.m */; };
		6E433630194E2FB9005FB4A8 /* PerfilUsuarioTableViewController.m in Sources */ = {isa = PBXBuildFile; fileRef = 6E43362F194E2FB9005FB4A8 /* PerfilUsuarioTableViewController.m */; };
		6E433634194E74CD005FB4A8 /* Like.m in Sources */ = {isa = PBXBuildFile; fileRef = 6E433633194E74CD005FB4A8 /* Like.m */; };
		6E433638194E9445005FB4A8 /* heart.png in Resources */ = {isa = PBXBuildFile; fileRef = 6E433636194E9445005FB4A8 /* heart.png */; };
		6E433639194E9445005FB4A8 /* heart@2x.png in Resources */ = {isa = PBXBuildFile; fileRef = 6E433637194E9445005FB4A8 /* heart@2x.png */; };
		6E43363C194E94C1005FB4A8 /* ConfirmaMatchViewController.m in Sources */ = {isa = PBXBuildFile; fileRef = 6E43363B194E94C1005FB4A8 /* ConfirmaMatchViewController.m */; };
		6E43363F194E957A005FB4A8 /* alvo.png in Resources */ = {isa = PBXBuildFile; fileRef = 6E43363D194E957A005FB4A8 /* alvo.png */; };
		6E433640194E957A005FB4A8 /* alvo@2x.png in Resources */ = {isa = PBXBuildFile; fileRef = 6E43363E194E957A005FB4A8 /* alvo@2x.png */; };
		6E4B15C118C5934700A6BBE2 /* PointLocais.m in Sources */ = {isa = PBXBuildFile; fileRef = 6E4B15C018C5934700A6BBE2 /* PointLocais.m */; };
		6E4B15E118C810FB00A6BBE2 /* UsuariosCheckedViewController.m in Sources */ = {isa = PBXBuildFile; fileRef = 6E4B15E018C810FB00A6BBE2 /* UsuariosCheckedViewController.m */; };
		6E4B15E818C81CF000A6BBE2 /* UsuarioFotoCollectionCell.m in Sources */ = {isa = PBXBuildFile; fileRef = 6E4B15E718C81CF000A6BBE2 /* UsuarioFotoCollectionCell.m */; };
		6E516FE318C4C63D00C8A929 /* SettingsTableViewController.m in Sources */ = {isa = PBXBuildFile; fileRef = 6E516FE218C4C63D00C8A929 /* SettingsTableViewController.m */; };
		6E516FE518C4EDB300C8A929 /* CoreLocation.framework in Frameworks */ = {isa = PBXBuildFile; fileRef = 6E516FE418C4EDB200C8A929 /* CoreLocation.framework */; };
		6E51E676197C389E00A58D93 /* CoreData.framework in Frameworks */ = {isa = PBXBuildFile; fileRef = 6EACD602196CD26900719003 /* CoreData.framework */; };
		6E51E678197C38A700A58D93 /* AudioToolbox.framework in Frameworks */ = {isa = PBXBuildFile; fileRef = 6E51E677197C38A700A58D93 /* AudioToolbox.framework */; };
		6E51E67A197C38BC00A58D93 /* CoreMedia.framework in Frameworks */ = {isa = PBXBuildFile; fileRef = 6E51E679197C38BC00A58D93 /* CoreMedia.framework */; };
		6E51E67C197C38C500A58D93 /* Accelerate.framework in Frameworks */ = {isa = PBXBuildFile; fileRef = 6E51E67B197C38C400A58D93 /* Accelerate.framework */; };
		6E51E67E197C38D400A58D93 /* CoreVideo.framework in Frameworks */ = {isa = PBXBuildFile; fileRef = 6E51E67D197C38D400A58D93 /* CoreVideo.framework */; };
		6E51E680197C38DE00A58D93 /* Security.framework in Frameworks */ = {isa = PBXBuildFile; fileRef = 6E51E67F197C38DE00A58D93 /* Security.framework */; };
		6E51E681197C38E800A58D93 /* libz.dylib in Frameworks */ = {isa = PBXBuildFile; fileRef = 6EACD604196CD27000719003 /* libz.dylib */; };
		6E51E682197C38F000A58D93 /* libresolv.dylib in Frameworks */ = {isa = PBXBuildFile; fileRef = 6EACD606196CD27800719003 /* libresolv.dylib */; };
		6E51E683197C38F900A58D93 /* libxml2.2.dylib in Frameworks */ = {isa = PBXBuildFile; fileRef = 6EACD608196CD28100719003 /* libxml2.2.dylib */; };
		6E51E68B197C502200A58D93 /* LocalStorageService.m in Sources */ = {isa = PBXBuildFile; fileRef = 6E51E686197C502200A58D93 /* LocalStorageService.m */; };
		6E51E68C197C502200A58D93 /* ChatService.m in Sources */ = {isa = PBXBuildFile; fileRef = 6E51E688197C502200A58D93 /* ChatService.m */; };
		6E51E68D197C502200A58D93 /* CharactersEscapeService.m in Sources */ = {isa = PBXBuildFile; fileRef = 6E51E68A197C502200A58D93 /* CharactersEscapeService.m */; };
		6E52F726192CE00B00955749 /* ico_pessoas_local@2x.png in Resources */ = {isa = PBXBuildFile; fileRef = 6E52F725192CE00B00955749 /* ico_pessoas_local@2x.png */; };
		6E52F728192CE42600955749 /* disclosure@2x.png in Resources */ = {isa = PBXBuildFile; fileRef = 6E52F727192CE42600955749 /* disclosure@2x.png */; };
		6E52F72A192D0AA400955749 /* ico_boate_pub@2x.png in Resources */ = {isa = PBXBuildFile; fileRef = 6E52F729192D0AA400955749 /* ico_boate_pub@2x.png */; };
		6E5B495519A280BD009AE224 /* Quickblox.framework in Frameworks */ = {isa = PBXBuildFile; fileRef = 6E51E674197C381A00A58D93 /* Quickblox.framework */; };
		6E5FC43018D881FB00879CA6 /* UsuariosCheckinHeaderView.m in Sources */ = {isa = PBXBuildFile; fileRef = 6E5FC42F18D881FB00879CA6 /* UsuariosCheckinHeaderView.m */; };
		6E606F3A18DA4251003291E6 /* ConfirmaCheckinViewController.m in Sources */ = {isa = PBXBuildFile; fileRef = 6E606F3918DA4251003291E6 /* ConfirmaCheckinViewController.m */; };
		6E6DF74A19088F3700DF8D76 /* stickman.png in Resources */ = {isa = PBXBuildFile; fileRef = 6E6DF74919088F3700DF8D76 /* stickman.png */; };
		6E8B8080192593300006DABE /* ControleTeclado.m in Sources */ = {isa = PBXBuildFile; fileRef = 6E8B807E192593300006DABE /* ControleTeclado.m */; };
		6E8B8081192593300006DABE /* ControleTeclado.xib in Resources */ = {isa = PBXBuildFile; fileRef = 6E8B807F192593300006DABE /* ControleTeclado.xib */; };
		6EACD5FD196CD23B00719003 /* CFNetwork.framework in Frameworks */ = {isa = PBXBuildFile; fileRef = 6EACD5FC196CD23B00719003 /* CFNetwork.framework */; };
		6EACD5FF196CD24700719003 /* SystemConfiguration.framework in Frameworks */ = {isa = PBXBuildFile; fileRef = 6EACD5FE196CD24700719003 /* SystemConfiguration.framework */; };
		6EACD601196CD25100719003 /* MobileCoreServices.framework in Frameworks */ = {isa = PBXBuildFile; fileRef = 6EACD600196CD25100719003 /* MobileCoreServices.framework */; };
		6EAD7324197F1550006436E9 /* ChatViewController.m in Sources */ = {isa = PBXBuildFile; fileRef = 6EAD7323197F1550006436E9 /* ChatViewController.m */; };
		6EAF7DF51973EEDF007CCC7C /* icone_combinacoes@2x.png in Resources */ = {isa = PBXBuildFile; fileRef = 6EAF7DF41973EEDF007CCC7C /* icone_combinacoes@2x.png */; };
		6EAF7DF81973F03D007CCC7C /* MinhasCombinacoesTableViewController.m in Sources */ = {isa = PBXBuildFile; fileRef = 6EAF7DF71973F03D007CCC7C /* MinhasCombinacoesTableViewController.m */; };
		6EAF7E001973FDAC007CCC7C /* MinhasCombinacoesTableViewCell.m in Sources */ = {isa = PBXBuildFile; fileRef = 6EAF7DFF1973FDAC007CCC7C /* MinhasCombinacoesTableViewCell.m */; };
		6EAF7E0319740694007CCC7C /* Match.m in Sources */ = {isa = PBXBuildFile; fileRef = 6EAF7E0219740694007CCC7C /* Match.m */; };
		6EB6C61518C0199E00240B6B /* Local.m in Sources */ = {isa = PBXBuildFile; fileRef = 6EB6C61418C0199E00240B6B /* Local.m */; };
		6EB6C61918C01ED400240B6B /* PontoLocal.m in Sources */ = {isa = PBXBuildFile; fileRef = 6EB6C61818C01ED400240B6B /* PontoLocal.m */; };
		6EB6C61B18C020F800240B6B /* MapKit.framework in Frameworks */ = {isa = PBXBuildFile; fileRef = 6EB6C61A18C020F800240B6B /* MapKit.framework */; };
		6EB6C61F18C025B000240B6B /* Usuario.m in Sources */ = {isa = PBXBuildFile; fileRef = 6EB6C61E18C025B000240B6B /* Usuario.m */; };
		6EBA85511932B06B00361031 /* btn_me@2x.png in Resources */ = {isa = PBXBuildFile; fileRef = 6EBA85501932B06B00361031 /* btn_me@2x.png */; };
		6EBAE5B318B69C8C0050FC63 /* MenuViewController.m in Sources */ = {isa = PBXBuildFile; fileRef = 6EBAE5B218B69C8C0050FC63 /* MenuViewController.m */; };
		6EC1E416192E1A470095693F /* PerfilLocalTableViewController.m in Sources */ = {isa = PBXBuildFile; fileRef = 6EC1E415192E1A470095693F /* PerfilLocalTableViewController.m */; };
		6ECA6DF518D0E17600DC067C /* icone_nav@2x.png in Resources */ = {isa = PBXBuildFile; fileRef = 6ECA6DF418D0E17600DC067C /* icone_nav@2x.png */; };
		6ECA6E0218D0ECC800DC067C /* icone_locais@2x.png in Resources */ = {isa = PBXBuildFile; fileRef = 6ECA6E0018D0ECC800DC067C /* icone_locais@2x.png */; };
		6ED597EF18D625FF00573E7E /* icone_configuracoes@2x.png in Resources */ = {isa = PBXBuildFile; fileRef = 6ED597EA18D625FF00573E7E /* icone_configuracoes@2x.png */; };
		6ED597F018D625FF00573E7E /* icone_fazercheckin@2x.png in Resources */ = {isa = PBXBuildFile; fileRef = 6ED597EB18D625FF00573E7E /* icone_fazercheckin@2x.png */; };
		6ED597F218D625FF00573E7E /* icone_logout@2x.png in Resources */ = {isa = PBXBuildFile; fileRef = 6ED597ED18D625FF00573E7E /* icone_logout@2x.png */; };
		6ED597F318D625FF00573E7E /* icone_profile@2x.png in Resources */ = {isa = PBXBuildFile; fileRef = 6ED597EE18D625FF00573E7E /* icone_profile@2x.png */; };
		6ED68C2818F5C843005F4FCA /* logo_splash.png in Resources */ = {isa = PBXBuildFile; fileRef = 6ED68C2718F5C843005F4FCA /* logo_splash.png */; };
		6ED68C2A18F5C8E6005F4FCA /* logo_splash@2x.png in Resources */ = {isa = PBXBuildFile; fileRef = 6ED68C2918F5C8E6005F4FCA /* logo_splash@2x.png */; };
		6ED68C2C18F5D113005F4FCA /* fb_transparent@2x.png in Resources */ = {isa = PBXBuildFile; fileRef = 6ED68C2B18F5D113005F4FCA /* fb_transparent@2x.png */; };
		6EDE7AB518D219E700E378FE /* brie-medium.ttf in Resources */ = {isa = PBXBuildFile; fileRef = 6EDE7AB418D218C300E378FE /* brie-medium.ttf */; };
		6EDE7AB718D223E900E378FE /* seta@2x.png in Resources */ = {isa = PBXBuildFile; fileRef = 6EDE7AB618D223E900E378FE /* seta@2x.png */; };
		6EDE7AB918D227F000E378FE /* icone_menu@2x.png in Resources */ = {isa = PBXBuildFile; fileRef = 6EDE7AB818D227F000E378FE /* icone_menu@2x.png */; };
		6EE440C818C02C870033D95B /* MappingProvider.m in Sources */ = {isa = PBXBuildFile; fileRef = 6EE440C718C02C870033D95B /* MappingProvider.m */; };
		6EE440CB18C037590033D95B /* TopLocaisComCheckinCell.m in Sources */ = {isa = PBXBuildFile; fileRef = 6EE440CA18C037590033D95B /* TopLocaisComCheckinCell.m */; };
		6EE922DD1900835700020991 /* pin-bar-1@2x.png in Resources */ = {isa = PBXBuildFile; fileRef = 6EE922C61900835700020991 /* pin-bar-1@2x.png */; };
		6EE922DE1900835700020991 /* pin-bar-2@2x.png in Resources */ = {isa = PBXBuildFile; fileRef = 6EE922C71900835700020991 /* pin-bar-2@2x.png */; };
		6EE922DF1900835700020991 /* pin-bar-3@2x.png in Resources */ = {isa = PBXBuildFile; fileRef = 6EE922C81900835700020991 /* pin-bar-3@2x.png */; };
		6EE922E01900835700020991 /* pin-bar-4@2x.png in Resources */ = {isa = PBXBuildFile; fileRef = 6EE922C91900835700020991 /* pin-bar-4@2x.png */; };
		6EE922E11900835700020991 /* pin-bar-5@2x.png in Resources */ = {isa = PBXBuildFile; fileRef = 6EE922CA1900835700020991 /* pin-bar-5@2x.png */; };
		6EE922E21900835700020991 /* pin-balada-1@2x.png in Resources */ = {isa = PBXBuildFile; fileRef = 6EE922CC1900835700020991 /* pin-balada-1@2x.png */; };
		6EE922E31900835700020991 /* pin-balada-2@2x.png in Resources */ = {isa = PBXBuildFile; fileRef = 6EE922CD1900835700020991 /* pin-balada-2@2x.png */; };
		6EE922E41900835700020991 /* pin-balada-3@2x.png in Resources */ = {isa = PBXBuildFile; fileRef = 6EE922CE1900835700020991 /* pin-balada-3@2x.png */; };
		6EE922E51900835700020991 /* pin-balada-4@2x.png in Resources */ = {isa = PBXBuildFile; fileRef = 6EE922CF1900835700020991 /* pin-balada-4@2x.png */; };
		6EE922E61900835700020991 /* pin-balada-5@2x.png in Resources */ = {isa = PBXBuildFile; fileRef = 6EE922D01900835700020991 /* pin-balada-5@2x.png */; };
		6EE922E71900835700020991 /* pin-festa-1@2x.png in Resources */ = {isa = PBXBuildFile; fileRef = 6EE922D21900835700020991 /* pin-festa-1@2x.png */; };
		6EE922E81900835700020991 /* pin-festa-2@2x.png in Resources */ = {isa = PBXBuildFile; fileRef = 6EE922D31900835700020991 /* pin-festa-2@2x.png */; };
		6EE922E91900835700020991 /* pin-festa-3@2x.png in Resources */ = {isa = PBXBuildFile; fileRef = 6EE922D41900835700020991 /* pin-festa-3@2x.png */; };
		6EE922EA1900835700020991 /* pin-festa-4@2x.png in Resources */ = {isa = PBXBuildFile; fileRef = 6EE922D51900835700020991 /* pin-festa-4@2x.png */; };
		6EE922EB1900835700020991 /* pin-festa-5@2x.png in Resources */ = {isa = PBXBuildFile; fileRef = 6EE922D61900835700020991 /* pin-festa-5@2x.png */; };
		6EE922EC1900835700020991 /* pin-publicos-1@2x.png in Resources */ = {isa = PBXBuildFile; fileRef = 6EE922D81900835700020991 /* pin-publicos-1@2x.png */; };
		6EE922ED1900835700020991 /* pin-publicos-2@2x.png in Resources */ = {isa = PBXBuildFile; fileRef = 6EE922D91900835700020991 /* pin-publicos-2@2x.png */; };
		6EE922EE1900835700020991 /* pin-publicos-3@2x.png in Resources */ = {isa = PBXBuildFile; fileRef = 6EE922DA1900835700020991 /* pin-publicos-3@2x.png */; };
		6EE922EF1900835700020991 /* pin-publicos-4@2x.png in Resources */ = {isa = PBXBuildFile; fileRef = 6EE922DB1900835700020991 /* pin-publicos-4@2x.png */; };
		6EE922F01900835700020991 /* pin-publicos-5@2x.png in Resources */ = {isa = PBXBuildFile; fileRef = 6EE922DC1900835700020991 /* pin-publicos-5@2x.png */; };
		6EECED7D1919BD220054F6F0 /* AdicionaLocalTableViewController.m in Sources */ = {isa = PBXBuildFile; fileRef = 6EECED7C1919BD220054F6F0 /* AdicionaLocalTableViewController.m */; };
		6EECED801919C9750054F6F0 /* TipoLocalTableViewController.m in Sources */ = {isa = PBXBuildFile; fileRef = 6EECED7F1919C9750054F6F0 /* TipoLocalTableViewController.m */; };
		6EF4313C18B17755007F7D79 /* Foundation.framework in Frameworks */ = {isa = PBXBuildFile; fileRef = 6EF4313B18B17755007F7D79 /* Foundation.framework */; };
		6EF4313E18B17755007F7D79 /* CoreGraphics.framework in Frameworks */ = {isa = PBXBuildFile; fileRef = 6EF4313D18B17755007F7D79 /* CoreGraphics.framework */; };
		6EF4314018B17755007F7D79 /* UIKit.framework in Frameworks */ = {isa = PBXBuildFile; fileRef = 6EF4313F18B17755007F7D79 /* UIKit.framework */; };
		6EF4314618B17755007F7D79 /* InfoPlist.strings in Resources */ = {isa = PBXBuildFile; fileRef = 6EF4314418B17755007F7D79 /* InfoPlist.strings */; };
		6EF4314818B17755007F7D79 /* main.m in Sources */ = {isa = PBXBuildFile; fileRef = 6EF4314718B17755007F7D79 /* main.m */; };
		6EF4314C18B17755007F7D79 /* AppDelegate.m in Sources */ = {isa = PBXBuildFile; fileRef = 6EF4314B18B17755007F7D79 /* AppDelegate.m */; };
		6EF4314F18B17755007F7D79 /* Main.storyboard in Resources */ = {isa = PBXBuildFile; fileRef = 6EF4314D18B17755007F7D79 /* Main.storyboard */; };
		6EF4315418B17755007F7D79 /* Images.xcassets in Resources */ = {isa = PBXBuildFile; fileRef = 6EF4315318B17755007F7D79 /* Images.xcassets */; };
		6EF4315B18B17755007F7D79 /* XCTest.framework in Frameworks */ = {isa = PBXBuildFile; fileRef = 6EF4315A18B17755007F7D79 /* XCTest.framework */; };
		6EF4315C18B17755007F7D79 /* Foundation.framework in Frameworks */ = {isa = PBXBuildFile; fileRef = 6EF4313B18B17755007F7D79 /* Foundation.framework */; };
		6EF4315D18B17755007F7D79 /* UIKit.framework in Frameworks */ = {isa = PBXBuildFile; fileRef = 6EF4313F18B17755007F7D79 /* UIKit.framework */; };
		6EF4316518B17755007F7D79 /* InfoPlist.strings in Resources */ = {isa = PBXBuildFile; fileRef = 6EF4316318B17755007F7D79 /* InfoPlist.strings */; };
		6EF4316718B17755007F7D79 /* PubseeTests.m in Sources */ = {isa = PBXBuildFile; fileRef = 6EF4316618B17755007F7D79 /* PubseeTests.m */; };
		6EF4D31218B3F6CE00334BDD /* LoginViewController.m in Sources */ = {isa = PBXBuildFile; fileRef = 6EF4D31118B3F6CE00334BDD /* LoginViewController.m */; };
		6EF4D31518B3F6F800334BDD /* HomeViewController.m in Sources */ = {isa = PBXBuildFile; fileRef = 6EF4D31418B3F6F800334BDD /* HomeViewController.m */; };
/* End PBXBuildFile section */

/* Begin PBXContainerItemProxy section */
		6EF4315E18B17755007F7D79 /* PBXContainerItemProxy */ = {
			isa = PBXContainerItemProxy;
			containerPortal = 6EF4313018B17755007F7D79 /* Project object */;
			proxyType = 1;
			remoteGlobalIDString = 6EF4313718B17755007F7D79;
			remoteInfo = Pubsee;
		};
/* End PBXContainerItemProxy section */

/* Begin PBXFileReference section */
		5D1EBCE35BD04265881DE629 /* libPods.a */ = {isa = PBXFileReference; explicitFileType = archive.ar; includeInIndex = 0; path = libPods.a; sourceTree = BUILT_PRODUCTS_DIR; };
		6E0AB73F18B7B01C003DCF1E /* QuartzCore.framework */ = {isa = PBXFileReference; lastKnownFileType = wrapper.framework; name = QuartzCore.framework; path = System/Library/Frameworks/QuartzCore.framework; sourceTree = SDKROOT; };
		6E0AB74118B7C500003DCF1E /* LocaisTableViewController.h */ = {isa = PBXFileReference; fileEncoding = 4; lastKnownFileType = sourcecode.c.h; path = LocaisTableViewController.h; sourceTree = "<group>"; };
		6E0AB74218B7C500003DCF1E /* LocaisTableViewController.m */ = {isa = PBXFileReference; fileEncoding = 4; lastKnownFileType = sourcecode.c.objc; path = LocaisTableViewController.m; sourceTree = "<group>"; };
		6E1A0193194FB52C00AA0ABF /* coracaoCurtido@2x.png */ = {isa = PBXFileReference; lastKnownFileType = image.png; path = "coracaoCurtido@2x.png"; sourceTree = "<group>"; };
		6E1D84A518D7382D00CF5496 /* icone_inicio@2x.png */ = {isa = PBXFileReference; lastKnownFileType = image.png; path = "icone_inicio@2x.png"; sourceTree = "<group>"; };
		6E211F5C18DFBE3F008DCC1F /* LocaisProximosTableViewController.h */ = {isa = PBXFileReference; fileEncoding = 4; lastKnownFileType = sourcecode.c.h; path = LocaisProximosTableViewController.h; sourceTree = "<group>"; };
		6E211F5D18DFBE3F008DCC1F /* LocaisProximosTableViewController.m */ = {isa = PBXFileReference; fileEncoding = 4; lastKnownFileType = sourcecode.c.objc; path = LocaisProximosTableViewController.m; sourceTree = "<group>"; };
		6E28FB7B192E7689008EBF48 /* ico_fem@2x.png */ = {isa = PBXFileReference; lastKnownFileType = image.png; path = "ico_fem@2x.png"; sourceTree = "<group>"; };
		6E28FB7C192E7689008EBF48 /* ico_mas@2x.png */ = {isa = PBXFileReference; lastKnownFileType = image.png; path = "ico_mas@2x.png"; sourceTree = "<group>"; };
		6E2ABFDA1924DE7E00C8CE36 /* TipoLocalTableViewCell.h */ = {isa = PBXFileReference; fileEncoding = 4; lastKnownFileType = sourcecode.c.h; path = TipoLocalTableViewCell.h; sourceTree = "<group>"; };
		6E2ABFDB1924DE7E00C8CE36 /* TipoLocalTableViewCell.m */ = {isa = PBXFileReference; fileEncoding = 4; lastKnownFileType = sourcecode.c.objc; path = TipoLocalTableViewCell.m; sourceTree = "<group>"; };
		6E3596F218D9340700C5D4B4 /* Checkin.h */ = {isa = PBXFileReference; fileEncoding = 4; lastKnownFileType = sourcecode.c.h; path = Checkin.h; sourceTree = "<group>"; };
		6E3596F318D9340700C5D4B4 /* Checkin.m */ = {isa = PBXFileReference; fileEncoding = 4; lastKnownFileType = sourcecode.c.objc; path = Checkin.m; sourceTree = "<group>"; };
		6E36D74E191AF722003598C4 /* LocaisProximosTableViewCell.h */ = {isa = PBXFileReference; fileEncoding = 4; lastKnownFileType = sourcecode.c.h; path = LocaisProximosTableViewCell.h; sourceTree = "<group>"; };
		6E36D74F191AF722003598C4 /* LocaisProximosTableViewCell.m */ = {isa = PBXFileReference; fileEncoding = 4; lastKnownFileType = sourcecode.c.objc; path = LocaisProximosTableViewCell.m; sourceTree = "<group>"; };
		6E402A171925BC4100EF9052 /* map.png */ = {isa = PBXFileReference; lastKnownFileType = image.png; path = map.png; sourceTree = "<group>"; };
		6E402A181925BC4100EF9052 /* rocket.png */ = {isa = PBXFileReference; lastKnownFileType = image.png; path = rocket.png; sourceTree = "<group>"; };
		6E402A1B1925C8B600EF9052 /* chat.png */ = {isa = PBXFileReference; lastKnownFileType = image.png; path = chat.png; sourceTree = "<group>"; };
		6E402A1D1925C9EE00EF9052 /* ConfirmaAdicaoViewController.h */ = {isa = PBXFileReference; fileEncoding = 4; lastKnownFileType = sourcecode.c.h; path = ConfirmaAdicaoViewController.h; sourceTree = "<group>"; };
		6E402A1E1925C9EE00EF9052 /* ConfirmaAdicaoViewController.m */ = {isa = PBXFileReference; fileEncoding = 4; lastKnownFileType = sourcecode.c.objc; path = ConfirmaAdicaoViewController.m; sourceTree = "<group>"; };
		6E428D781957AFD30031B7F2 /* GenerosTableViewController.h */ = {isa = PBXFileReference; fileEncoding = 4; lastKnownFileType = sourcecode.c.h; path = GenerosTableViewController.h; sourceTree = "<group>"; };
		6E428D791957AFD30031B7F2 /* GenerosTableViewController.m */ = {isa = PBXFileReference; fileEncoding = 4; lastKnownFileType = sourcecode.c.objc; path = GenerosTableViewController.m; sourceTree = "<group>"; };
		6E428D7B1957B0430031B7F2 /* GenerosTableViewCell.h */ = {isa = PBXFileReference; fileEncoding = 4; lastKnownFileType = sourcecode.c.h; path = GenerosTableViewCell.h; sourceTree = "<group>"; };
		6E428D7C1957B0430031B7F2 /* GenerosTableViewCell.m */ = {isa = PBXFileReference; fileEncoding = 4; lastKnownFileType = sourcecode.c.objc; path = GenerosTableViewCell.m; sourceTree = "<group>"; };
		6E43362E194E2FB9005FB4A8 /* PerfilUsuarioTableViewController.h */ = {isa = PBXFileReference; fileEncoding = 4; lastKnownFileType = sourcecode.c.h; path = PerfilUsuarioTableViewController.h; sourceTree = "<group>"; };
		6E43362F194E2FB9005FB4A8 /* PerfilUsuarioTableViewController.m */ = {isa = PBXFileReference; fileEncoding = 4; lastKnownFileType = sourcecode.c.objc; path = PerfilUsuarioTableViewController.m; sourceTree = "<group>"; };
		6E433632194E74CD005FB4A8 /* Like.h */ = {isa = PBXFileReference; fileEncoding = 4; lastKnownFileType = sourcecode.c.h; path = Like.h; sourceTree = "<group>"; };
		6E433633194E74CD005FB4A8 /* Like.m */ = {isa = PBXFileReference; fileEncoding = 4; lastKnownFileType = sourcecode.c.objc; path = Like.m; sourceTree = "<group>"; };
		6E433636194E9445005FB4A8 /* heart.png */ = {isa = PBXFileReference; lastKnownFileType = image.png; path = heart.png; sourceTree = "<group>"; };
		6E433637194E9445005FB4A8 /* heart@2x.png */ = {isa = PBXFileReference; lastKnownFileType = image.png; path = "heart@2x.png"; sourceTree = "<group>"; };
		6E43363A194E94C1005FB4A8 /* ConfirmaMatchViewController.h */ = {isa = PBXFileReference; fileEncoding = 4; lastKnownFileType = sourcecode.c.h; path = ConfirmaMatchViewController.h; sourceTree = "<group>"; };
		6E43363B194E94C1005FB4A8 /* ConfirmaMatchViewController.m */ = {isa = PBXFileReference; fileEncoding = 4; lastKnownFileType = sourcecode.c.objc; path = ConfirmaMatchViewController.m; sourceTree = "<group>"; };
		6E43363D194E957A005FB4A8 /* alvo.png */ = {isa = PBXFileReference; lastKnownFileType = image.png; path = alvo.png; sourceTree = "<group>"; };
		6E43363E194E957A005FB4A8 /* alvo@2x.png */ = {isa = PBXFileReference; lastKnownFileType = image.png; path = "alvo@2x.png"; sourceTree = "<group>"; };
		6E4B15BF18C5934700A6BBE2 /* PointLocais.h */ = {isa = PBXFileReference; fileEncoding = 4; lastKnownFileType = sourcecode.c.h; path = PointLocais.h; sourceTree = "<group>"; };
		6E4B15C018C5934700A6BBE2 /* PointLocais.m */ = {isa = PBXFileReference; fileEncoding = 4; lastKnownFileType = sourcecode.c.objc; path = PointLocais.m; sourceTree = "<group>"; };
		6E4B15DF18C810FB00A6BBE2 /* UsuariosCheckedViewController.h */ = {isa = PBXFileReference; fileEncoding = 4; lastKnownFileType = sourcecode.c.h; path = UsuariosCheckedViewController.h; sourceTree = "<group>"; };
		6E4B15E018C810FB00A6BBE2 /* UsuariosCheckedViewController.m */ = {isa = PBXFileReference; fileEncoding = 4; lastKnownFileType = sourcecode.c.objc; path = UsuariosCheckedViewController.m; sourceTree = "<group>"; };
		6E4B15E618C81CF000A6BBE2 /* UsuarioFotoCollectionCell.h */ = {isa = PBXFileReference; fileEncoding = 4; lastKnownFileType = sourcecode.c.h; path = UsuarioFotoCollectionCell.h; sourceTree = "<group>"; };
		6E4B15E718C81CF000A6BBE2 /* UsuarioFotoCollectionCell.m */ = {isa = PBXFileReference; fileEncoding = 4; lastKnownFileType = sourcecode.c.objc; path = UsuarioFotoCollectionCell.m; sourceTree = "<group>"; };
		6E516FE118C4C63D00C8A929 /* SettingsTableViewController.h */ = {isa = PBXFileReference; fileEncoding = 4; lastKnownFileType = sourcecode.c.h; path = SettingsTableViewController.h; sourceTree = "<group>"; };
		6E516FE218C4C63D00C8A929 /* SettingsTableViewController.m */ = {isa = PBXFileReference; fileEncoding = 4; lastKnownFileType = sourcecode.c.objc; path = SettingsTableViewController.m; sourceTree = "<group>"; };
		6E516FE418C4EDB200C8A929 /* CoreLocation.framework */ = {isa = PBXFileReference; lastKnownFileType = wrapper.framework; name = CoreLocation.framework; path = System/Library/Frameworks/CoreLocation.framework; sourceTree = SDKROOT; };
		6E51E674197C381A00A58D93 /* Quickblox.framework */ = {isa = PBXFileReference; lastKnownFileType = wrapper.framework; path = Quickblox.framework; sourceTree = "<group>"; };
		6E51E677197C38A700A58D93 /* AudioToolbox.framework */ = {isa = PBXFileReference; lastKnownFileType = wrapper.framework; name = AudioToolbox.framework; path = System/Library/Frameworks/AudioToolbox.framework; sourceTree = SDKROOT; };
		6E51E679197C38BC00A58D93 /* CoreMedia.framework */ = {isa = PBXFileReference; lastKnownFileType = wrapper.framework; name = CoreMedia.framework; path = System/Library/Frameworks/CoreMedia.framework; sourceTree = SDKROOT; };
		6E51E67B197C38C400A58D93 /* Accelerate.framework */ = {isa = PBXFileReference; lastKnownFileType = wrapper.framework; name = Accelerate.framework; path = System/Library/Frameworks/Accelerate.framework; sourceTree = SDKROOT; };
		6E51E67D197C38D400A58D93 /* CoreVideo.framework */ = {isa = PBXFileReference; lastKnownFileType = wrapper.framework; name = CoreVideo.framework; path = System/Library/Frameworks/CoreVideo.framework; sourceTree = SDKROOT; };
		6E51E67F197C38DE00A58D93 /* Security.framework */ = {isa = PBXFileReference; lastKnownFileType = wrapper.framework; name = Security.framework; path = System/Library/Frameworks/Security.framework; sourceTree = SDKROOT; };
		6E51E685197C502200A58D93 /* LocalStorageService.h */ = {isa = PBXFileReference; fileEncoding = 4; lastKnownFileType = sourcecode.c.h; path = LocalStorageService.h; sourceTree = "<group>"; };
		6E51E686197C502200A58D93 /* LocalStorageService.m */ = {isa = PBXFileReference; fileEncoding = 4; lastKnownFileType = sourcecode.c.objc; path = LocalStorageService.m; sourceTree = "<group>"; };
		6E51E687197C502200A58D93 /* ChatService.h */ = {isa = PBXFileReference; fileEncoding = 4; lastKnownFileType = sourcecode.c.h; path = ChatService.h; sourceTree = "<group>"; };
		6E51E688197C502200A58D93 /* ChatService.m */ = {isa = PBXFileReference; fileEncoding = 4; lastKnownFileType = sourcecode.c.objc; path = ChatService.m; sourceTree = "<group>"; };
		6E51E689197C502200A58D93 /* CharactersEscapeService.h */ = {isa = PBXFileReference; fileEncoding = 4; lastKnownFileType = sourcecode.c.h; path = CharactersEscapeService.h; sourceTree = "<group>"; };
		6E51E68A197C502200A58D93 /* CharactersEscapeService.m */ = {isa = PBXFileReference; fileEncoding = 4; lastKnownFileType = sourcecode.c.objc; path = CharactersEscapeService.m; sourceTree = "<group>"; };
		6E52F725192CE00B00955749 /* ico_pessoas_local@2x.png */ = {isa = PBXFileReference; lastKnownFileType = image.png; path = "ico_pessoas_local@2x.png"; sourceTree = "<group>"; };
		6E52F727192CE42600955749 /* disclosure@2x.png */ = {isa = PBXFileReference; lastKnownFileType = image.png; path = "disclosure@2x.png"; sourceTree = "<group>"; };
		6E52F729192D0AA400955749 /* ico_boate_pub@2x.png */ = {isa = PBXFileReference; lastKnownFileType = image.png; path = "ico_boate_pub@2x.png"; sourceTree = "<group>"; };
		6E5B495319A280A2009AE224 /* Quickblox.framework */ = {isa = PBXFileReference; lastKnownFileType = wrapper.framework; name = Quickblox.framework; path = Framework/Quickblox.framework; sourceTree = "<group>"; };
		6E5FC42E18D881FB00879CA6 /* UsuariosCheckinHeaderView.h */ = {isa = PBXFileReference; fileEncoding = 4; lastKnownFileType = sourcecode.c.h; path = UsuariosCheckinHeaderView.h; sourceTree = "<group>"; };
		6E5FC42F18D881FB00879CA6 /* UsuariosCheckinHeaderView.m */ = {isa = PBXFileReference; fileEncoding = 4; lastKnownFileType = sourcecode.c.objc; path = UsuariosCheckinHeaderView.m; sourceTree = "<group>"; };
		6E606F3818DA4251003291E6 /* ConfirmaCheckinViewController.h */ = {isa = PBXFileReference; fileEncoding = 4; lastKnownFileType = sourcecode.c.h; path = ConfirmaCheckinViewController.h; sourceTree = "<group>"; };
		6E606F3918DA4251003291E6 /* ConfirmaCheckinViewController.m */ = {isa = PBXFileReference; fileEncoding = 4; lastKnownFileType = sourcecode.c.objc; path = ConfirmaCheckinViewController.m; sourceTree = "<group>"; };
		6E6DF74919088F3700DF8D76 /* stickman.png */ = {isa = PBXFileReference; lastKnownFileType = image.png; path = stickman.png; sourceTree = "<group>"; };
		6E8B807D192593300006DABE /* ControleTeclado.h */ = {isa = PBXFileReference; fileEncoding = 4; lastKnownFileType = sourcecode.c.h; path = ControleTeclado.h; sourceTree = "<group>"; };
		6E8B807E192593300006DABE /* ControleTeclado.m */ = {isa = PBXFileReference; fileEncoding = 4; lastKnownFileType = sourcecode.c.objc; path = ControleTeclado.m; sourceTree = "<group>"; };
		6E8B807F192593300006DABE /* ControleTeclado.xib */ = {isa = PBXFileReference; fileEncoding = 4; lastKnownFileType = file.xib; path = ControleTeclado.xib; sourceTree = "<group>"; };
		6EACD5FC196CD23B00719003 /* CFNetwork.framework */ = {isa = PBXFileReference; lastKnownFileType = wrapper.framework; name = CFNetwork.framework; path = System/Library/Frameworks/CFNetwork.framework; sourceTree = SDKROOT; };
		6EACD5FE196CD24700719003 /* SystemConfiguration.framework */ = {isa = PBXFileReference; lastKnownFileType = wrapper.framework; name = SystemConfiguration.framework; path = System/Library/Frameworks/SystemConfiguration.framework; sourceTree = SDKROOT; };
		6EACD600196CD25100719003 /* MobileCoreServices.framework */ = {isa = PBXFileReference; lastKnownFileType = wrapper.framework; name = MobileCoreServices.framework; path = System/Library/Frameworks/MobileCoreServices.framework; sourceTree = SDKROOT; };
		6EACD602196CD26900719003 /* CoreData.framework */ = {isa = PBXFileReference; lastKnownFileType = wrapper.framework; name = CoreData.framework; path = System/Library/Frameworks/CoreData.framework; sourceTree = SDKROOT; };
		6EACD604196CD27000719003 /* libz.dylib */ = {isa = PBXFileReference; lastKnownFileType = "compiled.mach-o.dylib"; name = libz.dylib; path = usr/lib/libz.dylib; sourceTree = SDKROOT; };
		6EACD606196CD27800719003 /* libresolv.dylib */ = {isa = PBXFileReference; lastKnownFileType = "compiled.mach-o.dylib"; name = libresolv.dylib; path = usr/lib/libresolv.dylib; sourceTree = SDKROOT; };
		6EACD608196CD28100719003 /* libxml2.2.dylib */ = {isa = PBXFileReference; lastKnownFileType = "compiled.mach-o.dylib"; name = libxml2.2.dylib; path = usr/lib/libxml2.2.dylib; sourceTree = SDKROOT; };
		6EACD60A196CD28C00719003 /* libresolv.9.dylib */ = {isa = PBXFileReference; lastKnownFileType = "compiled.mach-o.dylib"; name = libresolv.9.dylib; path = usr/lib/libresolv.9.dylib; sourceTree = SDKROOT; };
		6EACD60E196CD65000719003 /* libstdc++.dylib */ = {isa = PBXFileReference; lastKnownFileType = "compiled.mach-o.dylib"; name = "libstdc++.dylib"; path = "usr/lib/libstdc++.dylib"; sourceTree = SDKROOT; };
		6EAD7322197F1550006436E9 /* ChatViewController.h */ = {isa = PBXFileReference; fileEncoding = 4; lastKnownFileType = sourcecode.c.h; path = ChatViewController.h; sourceTree = "<group>"; };
		6EAD7323197F1550006436E9 /* ChatViewController.m */ = {isa = PBXFileReference; fileEncoding = 4; lastKnownFileType = sourcecode.c.objc; path = ChatViewController.m; sourceTree = "<group>"; };
		6EAF7DF41973EEDF007CCC7C /* icone_combinacoes@2x.png */ = {isa = PBXFileReference; lastKnownFileType = image.png; path = "icone_combinacoes@2x.png"; sourceTree = "<group>"; };
		6EAF7DF61973F03D007CCC7C /* MinhasCombinacoesTableViewController.h */ = {isa = PBXFileReference; fileEncoding = 4; lastKnownFileType = sourcecode.c.h; path = MinhasCombinacoesTableViewController.h; sourceTree = "<group>"; };
		6EAF7DF71973F03D007CCC7C /* MinhasCombinacoesTableViewController.m */ = {isa = PBXFileReference; fileEncoding = 4; lastKnownFileType = sourcecode.c.objc; path = MinhasCombinacoesTableViewController.m; sourceTree = "<group>"; };
		6EAF7DFE1973FDAC007CCC7C /* MinhasCombinacoesTableViewCell.h */ = {isa = PBXFileReference; fileEncoding = 4; lastKnownFileType = sourcecode.c.h; path = MinhasCombinacoesTableViewCell.h; sourceTree = "<group>"; };
		6EAF7DFF1973FDAC007CCC7C /* MinhasCombinacoesTableViewCell.m */ = {isa = PBXFileReference; fileEncoding = 4; lastKnownFileType = sourcecode.c.objc; path = MinhasCombinacoesTableViewCell.m; sourceTree = "<group>"; };
		6EAF7E0119740694007CCC7C /* Match.h */ = {isa = PBXFileReference; fileEncoding = 4; lastKnownFileType = sourcecode.c.h; path = Match.h; sourceTree = "<group>"; };
		6EAF7E0219740694007CCC7C /* Match.m */ = {isa = PBXFileReference; fileEncoding = 4; lastKnownFileType = sourcecode.c.objc; path = Match.m; sourceTree = "<group>"; };
		6EB6C61318C0199E00240B6B /* Local.h */ = {isa = PBXFileReference; fileEncoding = 4; lastKnownFileType = sourcecode.c.h; path = Local.h; sourceTree = "<group>"; };
		6EB6C61418C0199E00240B6B /* Local.m */ = {isa = PBXFileReference; fileEncoding = 4; lastKnownFileType = sourcecode.c.objc; path = Local.m; sourceTree = "<group>"; };
		6EB6C61718C01ED400240B6B /* PontoLocal.h */ = {isa = PBXFileReference; fileEncoding = 4; lastKnownFileType = sourcecode.c.h; path = PontoLocal.h; sourceTree = "<group>"; };
		6EB6C61818C01ED400240B6B /* PontoLocal.m */ = {isa = PBXFileReference; fileEncoding = 4; lastKnownFileType = sourcecode.c.objc; path = PontoLocal.m; sourceTree = "<group>"; };
		6EB6C61A18C020F800240B6B /* MapKit.framework */ = {isa = PBXFileReference; lastKnownFileType = wrapper.framework; name = MapKit.framework; path = System/Library/Frameworks/MapKit.framework; sourceTree = SDKROOT; };
		6EB6C61D18C025B000240B6B /* Usuario.h */ = {isa = PBXFileReference; fileEncoding = 4; lastKnownFileType = sourcecode.c.h; path = Usuario.h; sourceTree = "<group>"; };
		6EB6C61E18C025B000240B6B /* Usuario.m */ = {isa = PBXFileReference; fileEncoding = 4; lastKnownFileType = sourcecode.c.objc; path = Usuario.m; sourceTree = "<group>"; };
		6EBA85501932B06B00361031 /* btn_me@2x.png */ = {isa = PBXFileReference; lastKnownFileType = image.png; path = "btn_me@2x.png"; sourceTree = "<group>"; };
		6EBAE5B118B69C8C0050FC63 /* MenuViewController.h */ = {isa = PBXFileReference; fileEncoding = 4; lastKnownFileType = sourcecode.c.h; path = MenuViewController.h; sourceTree = "<group>"; };
		6EBAE5B218B69C8C0050FC63 /* MenuViewController.m */ = {isa = PBXFileReference; fileEncoding = 4; lastKnownFileType = sourcecode.c.objc; path = MenuViewController.m; sourceTree = "<group>"; };
		6EC1E414192E1A470095693F /* PerfilLocalTableViewController.h */ = {isa = PBXFileReference; fileEncoding = 4; lastKnownFileType = sourcecode.c.h; path = PerfilLocalTableViewController.h; sourceTree = "<group>"; };
		6EC1E415192E1A470095693F /* PerfilLocalTableViewController.m */ = {isa = PBXFileReference; fileEncoding = 4; lastKnownFileType = sourcecode.c.objc; path = PerfilLocalTableViewController.m; sourceTree = "<group>"; };
		6ECA6DF418D0E17600DC067C /* icone_nav@2x.png */ = {isa = PBXFileReference; lastKnownFileType = image.png; path = "icone_nav@2x.png"; sourceTree = "<group>"; };
		6ECA6E0018D0ECC800DC067C /* icone_locais@2x.png */ = {isa = PBXFileReference; lastKnownFileType = image.png; path = "icone_locais@2x.png"; sourceTree = "<group>"; };
		6ED597EA18D625FF00573E7E /* icone_configuracoes@2x.png */ = {isa = PBXFileReference; lastKnownFileType = image.png; path = "icone_configuracoes@2x.png"; sourceTree = "<group>"; };
		6ED597EB18D625FF00573E7E /* icone_fazercheckin@2x.png */ = {isa = PBXFileReference; lastKnownFileType = image.png; path = "icone_fazercheckin@2x.png"; sourceTree = "<group>"; };
		6ED597ED18D625FF00573E7E /* icone_logout@2x.png */ = {isa = PBXFileReference; lastKnownFileType = image.png; path = "icone_logout@2x.png"; sourceTree = "<group>"; };
		6ED597EE18D625FF00573E7E /* icone_profile@2x.png */ = {isa = PBXFileReference; lastKnownFileType = image.png; path = "icone_profile@2x.png"; sourceTree = "<group>"; };
		6ED68C2718F5C843005F4FCA /* logo_splash.png */ = {isa = PBXFileReference; lastKnownFileType = image.png; path = logo_splash.png; sourceTree = "<group>"; };
		6ED68C2918F5C8E6005F4FCA /* logo_splash@2x.png */ = {isa = PBXFileReference; lastKnownFileType = image.png; path = "logo_splash@2x.png"; sourceTree = "<group>"; };
		6ED68C2B18F5D113005F4FCA /* fb_transparent@2x.png */ = {isa = PBXFileReference; lastKnownFileType = image.png; path = "fb_transparent@2x.png"; sourceTree = "<group>"; };
		6EDE7AB418D218C300E378FE /* brie-medium.ttf */ = {isa = PBXFileReference; lastKnownFileType = file; path = "brie-medium.ttf"; sourceTree = "<group>"; };
		6EDE7AB618D223E900E378FE /* seta@2x.png */ = {isa = PBXFileReference; lastKnownFileType = image.png; path = "seta@2x.png"; sourceTree = "<group>"; };
		6EDE7AB818D227F000E378FE /* icone_menu@2x.png */ = {isa = PBXFileReference; lastKnownFileType = image.png; path = "icone_menu@2x.png"; sourceTree = "<group>"; };
		6EE440C618C02C870033D95B /* MappingProvider.h */ = {isa = PBXFileReference; fileEncoding = 4; lastKnownFileType = sourcecode.c.h; path = MappingProvider.h; sourceTree = "<group>"; };
		6EE440C718C02C870033D95B /* MappingProvider.m */ = {isa = PBXFileReference; fileEncoding = 4; lastKnownFileType = sourcecode.c.objc; path = MappingProvider.m; sourceTree = "<group>"; };
		6EE440C918C037590033D95B /* TopLocaisComCheckinCell.h */ = {isa = PBXFileReference; fileEncoding = 4; lastKnownFileType = sourcecode.c.h; path = TopLocaisComCheckinCell.h; sourceTree = "<group>"; };
		6EE440CA18C037590033D95B /* TopLocaisComCheckinCell.m */ = {isa = PBXFileReference; fileEncoding = 4; lastKnownFileType = sourcecode.c.objc; path = TopLocaisComCheckinCell.m; sourceTree = "<group>"; };
		6EE922C61900835700020991 /* pin-bar-1@2x.png */ = {isa = PBXFileReference; lastKnownFileType = image.png; path = "pin-bar-1@2x.png"; sourceTree = "<group>"; };
		6EE922C71900835700020991 /* pin-bar-2@2x.png */ = {isa = PBXFileReference; lastKnownFileType = image.png; path = "pin-bar-2@2x.png"; sourceTree = "<group>"; };
		6EE922C81900835700020991 /* pin-bar-3@2x.png */ = {isa = PBXFileReference; lastKnownFileType = image.png; path = "pin-bar-3@2x.png"; sourceTree = "<group>"; };
		6EE922C91900835700020991 /* pin-bar-4@2x.png */ = {isa = PBXFileReference; lastKnownFileType = image.png; path = "pin-bar-4@2x.png"; sourceTree = "<group>"; };
		6EE922CA1900835700020991 /* pin-bar-5@2x.png */ = {isa = PBXFileReference; lastKnownFileType = image.png; path = "pin-bar-5@2x.png"; sourceTree = "<group>"; };
		6EE922CC1900835700020991 /* pin-balada-1@2x.png */ = {isa = PBXFileReference; lastKnownFileType = image.png; path = "pin-balada-1@2x.png"; sourceTree = "<group>"; };
		6EE922CD1900835700020991 /* pin-balada-2@2x.png */ = {isa = PBXFileReference; lastKnownFileType = image.png; path = "pin-balada-2@2x.png"; sourceTree = "<group>"; };
		6EE922CE1900835700020991 /* pin-balada-3@2x.png */ = {isa = PBXFileReference; lastKnownFileType = image.png; path = "pin-balada-3@2x.png"; sourceTree = "<group>"; };
		6EE922CF1900835700020991 /* pin-balada-4@2x.png */ = {isa = PBXFileReference; lastKnownFileType = image.png; path = "pin-balada-4@2x.png"; sourceTree = "<group>"; };
		6EE922D01900835700020991 /* pin-balada-5@2x.png */ = {isa = PBXFileReference; lastKnownFileType = image.png; path = "pin-balada-5@2x.png"; sourceTree = "<group>"; };
		6EE922D21900835700020991 /* pin-festa-1@2x.png */ = {isa = PBXFileReference; lastKnownFileType = image.png; path = "pin-festa-1@2x.png"; sourceTree = "<group>"; };
		6EE922D31900835700020991 /* pin-festa-2@2x.png */ = {isa = PBXFileReference; lastKnownFileType = image.png; path = "pin-festa-2@2x.png"; sourceTree = "<group>"; };
		6EE922D41900835700020991 /* pin-festa-3@2x.png */ = {isa = PBXFileReference; lastKnownFileType = image.png; path = "pin-festa-3@2x.png"; sourceTree = "<group>"; };
		6EE922D51900835700020991 /* pin-festa-4@2x.png */ = {isa = PBXFileReference; lastKnownFileType = image.png; path = "pin-festa-4@2x.png"; sourceTree = "<group>"; };
		6EE922D61900835700020991 /* pin-festa-5@2x.png */ = {isa = PBXFileReference; lastKnownFileType = image.png; path = "pin-festa-5@2x.png"; sourceTree = "<group>"; };
		6EE922D81900835700020991 /* pin-publicos-1@2x.png */ = {isa = PBXFileReference; lastKnownFileType = image.png; path = "pin-publicos-1@2x.png"; sourceTree = "<group>"; };
		6EE922D91900835700020991 /* pin-publicos-2@2x.png */ = {isa = PBXFileReference; lastKnownFileType = image.png; path = "pin-publicos-2@2x.png"; sourceTree = "<group>"; };
		6EE922DA1900835700020991 /* pin-publicos-3@2x.png */ = {isa = PBXFileReference; lastKnownFileType = image.png; path = "pin-publicos-3@2x.png"; sourceTree = "<group>"; };
		6EE922DB1900835700020991 /* pin-publicos-4@2x.png */ = {isa = PBXFileReference; lastKnownFileType = image.png; path = "pin-publicos-4@2x.png"; sourceTree = "<group>"; };
		6EE922DC1900835700020991 /* pin-publicos-5@2x.png */ = {isa = PBXFileReference; lastKnownFileType = image.png; path = "pin-publicos-5@2x.png"; sourceTree = "<group>"; };
		6EECED7B1919BD220054F6F0 /* AdicionaLocalTableViewController.h */ = {isa = PBXFileReference; fileEncoding = 4; lastKnownFileType = sourcecode.c.h; path = AdicionaLocalTableViewController.h; sourceTree = "<group>"; };
		6EECED7C1919BD220054F6F0 /* AdicionaLocalTableViewController.m */ = {isa = PBXFileReference; fileEncoding = 4; lastKnownFileType = sourcecode.c.objc; path = AdicionaLocalTableViewController.m; sourceTree = "<group>"; };
		6EECED7E1919C9750054F6F0 /* TipoLocalTableViewController.h */ = {isa = PBXFileReference; fileEncoding = 4; lastKnownFileType = sourcecode.c.h; path = TipoLocalTableViewController.h; sourceTree = "<group>"; };
		6EECED7F1919C9750054F6F0 /* TipoLocalTableViewController.m */ = {isa = PBXFileReference; fileEncoding = 4; lastKnownFileType = sourcecode.c.objc; path = TipoLocalTableViewController.m; sourceTree = "<group>"; };
		6EF4313818B17755007F7D79 /* Onrange.app */ = {isa = PBXFileReference; explicitFileType = wrapper.application; includeInIndex = 0; path = Onrange.app; sourceTree = BUILT_PRODUCTS_DIR; };
		6EF4313B18B17755007F7D79 /* Foundation.framework */ = {isa = PBXFileReference; lastKnownFileType = wrapper.framework; name = Foundation.framework; path = System/Library/Frameworks/Foundation.framework; sourceTree = SDKROOT; };
		6EF4313D18B17755007F7D79 /* CoreGraphics.framework */ = {isa = PBXFileReference; lastKnownFileType = wrapper.framework; name = CoreGraphics.framework; path = System/Library/Frameworks/CoreGraphics.framework; sourceTree = SDKROOT; };
		6EF4313F18B17755007F7D79 /* UIKit.framework */ = {isa = PBXFileReference; lastKnownFileType = wrapper.framework; name = UIKit.framework; path = System/Library/Frameworks/UIKit.framework; sourceTree = SDKROOT; };
		6EF4314318B17755007F7D79 /* Onrange-Info.plist */ = {isa = PBXFileReference; lastKnownFileType = text.plist.xml; path = "Onrange-Info.plist"; sourceTree = "<group>"; };
		6EF4314518B17755007F7D79 /* en */ = {isa = PBXFileReference; lastKnownFileType = text.plist.strings; name = en; path = en.lproj/InfoPlist.strings; sourceTree = "<group>"; };
		6EF4314718B17755007F7D79 /* main.m */ = {isa = PBXFileReference; lastKnownFileType = sourcecode.c.objc; path = main.m; sourceTree = "<group>"; };
		6EF4314918B17755007F7D79 /* Onrange-Prefix.pch */ = {isa = PBXFileReference; lastKnownFileType = sourcecode.c.h; path = "Onrange-Prefix.pch"; sourceTree = "<group>"; };
		6EF4314A18B17755007F7D79 /* AppDelegate.h */ = {isa = PBXFileReference; lastKnownFileType = sourcecode.c.h; path = AppDelegate.h; sourceTree = "<group>"; };
		6EF4314B18B17755007F7D79 /* AppDelegate.m */ = {isa = PBXFileReference; lastKnownFileType = sourcecode.c.objc; path = AppDelegate.m; sourceTree = "<group>"; };
		6EF4314E18B17755007F7D79 /* Base */ = {isa = PBXFileReference; lastKnownFileType = file.storyboard; name = Base; path = Base.lproj/Main.storyboard; sourceTree = "<group>"; };
		6EF4315318B17755007F7D79 /* Images.xcassets */ = {isa = PBXFileReference; lastKnownFileType = folder.assetcatalog; path = Images.xcassets; sourceTree = "<group>"; };
		6EF4315918B17755007F7D79 /* OnrangeTests.xctest */ = {isa = PBXFileReference; explicitFileType = wrapper.cfbundle; includeInIndex = 0; path = OnrangeTests.xctest; sourceTree = BUILT_PRODUCTS_DIR; };
		6EF4315A18B17755007F7D79 /* XCTest.framework */ = {isa = PBXFileReference; lastKnownFileType = wrapper.framework; name = XCTest.framework; path = Library/Frameworks/XCTest.framework; sourceTree = DEVELOPER_DIR; };
		6EF4316218B17755007F7D79 /* OnrangeTests-Info.plist */ = {isa = PBXFileReference; lastKnownFileType = text.plist.xml; path = "OnrangeTests-Info.plist"; sourceTree = "<group>"; };
		6EF4316418B17755007F7D79 /* en */ = {isa = PBXFileReference; lastKnownFileType = text.plist.strings; name = en; path = en.lproj/InfoPlist.strings; sourceTree = "<group>"; };
		6EF4316618B17755007F7D79 /* PubseeTests.m */ = {isa = PBXFileReference; lastKnownFileType = sourcecode.c.objc; path = PubseeTests.m; sourceTree = "<group>"; };
		6EF4D31018B3F6CE00334BDD /* LoginViewController.h */ = {isa = PBXFileReference; fileEncoding = 4; lastKnownFileType = sourcecode.c.h; path = LoginViewController.h; sourceTree = "<group>"; };
		6EF4D31118B3F6CE00334BDD /* LoginViewController.m */ = {isa = PBXFileReference; fileEncoding = 4; lastKnownFileType = sourcecode.c.objc; path = LoginViewController.m; sourceTree = "<group>"; };
		6EF4D31318B3F6F800334BDD /* HomeViewController.h */ = {isa = PBXFileReference; fileEncoding = 4; lastKnownFileType = sourcecode.c.h; path = HomeViewController.h; sourceTree = "<group>"; };
		6EF4D31418B3F6F800334BDD /* HomeViewController.m */ = {isa = PBXFileReference; fileEncoding = 4; lastKnownFileType = sourcecode.c.objc; path = HomeViewController.m; sourceTree = "<group>"; };
		FF34FB1281CB4D0C9A507792 /* Pods.xcconfig */ = {isa = PBXFileReference; includeInIndex = 1; lastKnownFileType = text.xcconfig; name = Pods.xcconfig; path = Pods/Pods.xcconfig; sourceTree = "<group>"; };
/* End PBXFileReference section */

/* Begin PBXFrameworksBuildPhase section */
		6EF4313518B17755007F7D79 /* Frameworks */ = {
			isa = PBXFrameworksBuildPhase;
			buildActionMask = 2147483647;
			files = (
				6E5B495519A280BD009AE224 /* Quickblox.framework in Frameworks */,
				6E51E683197C38F900A58D93 /* libxml2.2.dylib in Frameworks */,
				6E51E682197C38F000A58D93 /* libresolv.dylib in Frameworks */,
				6E51E681197C38E800A58D93 /* libz.dylib in Frameworks */,
				6E51E680197C38DE00A58D93 /* Security.framework in Frameworks */,
				6E51E67E197C38D400A58D93 /* CoreVideo.framework in Frameworks */,
				6E51E67C197C38C500A58D93 /* Accelerate.framework in Frameworks */,
				6E51E67A197C38BC00A58D93 /* CoreMedia.framework in Frameworks */,
				6E51E678197C38A700A58D93 /* AudioToolbox.framework in Frameworks */,
				6E51E676197C389E00A58D93 /* CoreData.framework in Frameworks */,
				6EACD5FD196CD23B00719003 /* CFNetwork.framework in Frameworks */,
				6E516FE518C4EDB300C8A929 /* CoreLocation.framework in Frameworks */,
				6EF4313E18B17755007F7D79 /* CoreGraphics.framework in Frameworks */,
				6EACD601196CD25100719003 /* MobileCoreServices.framework in Frameworks */,
				6EACD5FF196CD24700719003 /* SystemConfiguration.framework in Frameworks */,
				6EB6C61B18C020F800240B6B /* MapKit.framework in Frameworks */,
				6E0AB74018B7B01C003DCF1E /* QuartzCore.framework in Frameworks */,
				6EF4314018B17755007F7D79 /* UIKit.framework in Frameworks */,
				6EF4313C18B17755007F7D79 /* Foundation.framework in Frameworks */,
				2F57FEFA9682457E853D1A4D /* libPods.a in Frameworks */,
			);
			runOnlyForDeploymentPostprocessing = 0;
		};
		6EF4315618B17755007F7D79 /* Frameworks */ = {
			isa = PBXFrameworksBuildPhase;
			buildActionMask = 2147483647;
			files = (
				6EF4315B18B17755007F7D79 /* XCTest.framework in Frameworks */,
				6EF4315D18B17755007F7D79 /* UIKit.framework in Frameworks */,
				6EF4315C18B17755007F7D79 /* Foundation.framework in Frameworks */,
			);
			runOnlyForDeploymentPostprocessing = 0;
		};
/* End PBXFrameworksBuildPhase section */

/* Begin PBXGroup section */
		6E1A0195194FB64F00AA0ABF /* Grade das latas */ = {
			isa = PBXGroup;
			children = (
				6E4B15DF18C810FB00A6BBE2 /* UsuariosCheckedViewController.h */,
				6E4B15E018C810FB00A6BBE2 /* UsuariosCheckedViewController.m */,
				6E4B15E618C81CF000A6BBE2 /* UsuarioFotoCollectionCell.h */,
				6E4B15E718C81CF000A6BBE2 /* UsuarioFotoCollectionCell.m */,
				6E5FC42E18D881FB00879CA6 /* UsuariosCheckinHeaderView.h */,
				6E5FC42F18D881FB00879CA6 /* UsuariosCheckinHeaderView.m */,
			);
			name = "Grade das latas";
			sourceTree = "<group>";
		};
		6E2ABFDD1924ED6700C8CE36 /* Tipo local */ = {
			isa = PBXGroup;
			children = (
				6EECED7E1919C9750054F6F0 /* TipoLocalTableViewController.h */,
				6EECED7F1919C9750054F6F0 /* TipoLocalTableViewController.m */,
				6E2ABFDA1924DE7E00C8CE36 /* TipoLocalTableViewCell.h */,
				6E2ABFDB1924DE7E00C8CE36 /* TipoLocalTableViewCell.m */,
			);
			name = "Tipo local";
			sourceTree = "<group>";
		};
		6E2ABFDE19251E1000C8CE36 /* Locais proximos */ = {
			isa = PBXGroup;
			children = (
				6E211F5C18DFBE3F008DCC1F /* LocaisProximosTableViewController.h */,
				6E211F5D18DFBE3F008DCC1F /* LocaisProximosTableViewController.m */,
				6E36D74E191AF722003598C4 /* LocaisProximosTableViewCell.h */,
				6E36D74F191AF722003598C4 /* LocaisProximosTableViewCell.m */,
			);
			name = "Locais proximos";
			sourceTree = "<group>";
		};
		6E2ABFDF19251E5100C8CE36 /* TopLocais */ = {
			isa = PBXGroup;
			children = (
				6E0AB74118B7C500003DCF1E /* LocaisTableViewController.h */,
				6E0AB74218B7C500003DCF1E /* LocaisTableViewController.m */,
				6EE440C918C037590033D95B /* TopLocaisComCheckinCell.h */,
				6EE440CA18C037590033D95B /* TopLocaisComCheckinCell.m */,
			);
			name = TopLocais;
			sourceTree = "<group>";
		};
		6E3596F118D933D400C5D4B4 /* Checkin */ = {
			isa = PBXGroup;
			children = (
				6E3596F218D9340700C5D4B4 /* Checkin.h */,
				6E3596F318D9340700C5D4B4 /* Checkin.m */,
			);
			name = Checkin;
			sourceTree = "<group>";
		};
		6E402A161925BC4100EF9052 /* rotulos */ = {
			isa = PBXGroup;
			children = (
				6E402A1B1925C8B600EF9052 /* chat.png */,
				6E402A171925BC4100EF9052 /* map.png */,
				6E402A181925BC4100EF9052 /* rocket.png */,
				6E433636194E9445005FB4A8 /* heart.png */,
				6E433637194E9445005FB4A8 /* heart@2x.png */,
				6E43363D194E957A005FB4A8 /* alvo.png */,
				6E43363E194E957A005FB4A8 /* alvo@2x.png */,
			);
			path = rotulos;
			sourceTree = "<group>";
		};
		6E433631194E2FC9005FB4A8 /* Perfil de usuário */ = {
			isa = PBXGroup;
			children = (
				6E43362E194E2FB9005FB4A8 /* PerfilUsuarioTableViewController.h */,
				6E43362F194E2FB9005FB4A8 /* PerfilUsuarioTableViewController.m */,
				6E43363A194E94C1005FB4A8 /* ConfirmaMatchViewController.h */,
				6E43363B194E94C1005FB4A8 /* ConfirmaMatchViewController.m */,
			);
			name = "Perfil de usuário";
			sourceTree = "<group>";
		};
		6E433635194E74D5005FB4A8 /* Like */ = {
			isa = PBXGroup;
			children = (
				6E433632194E74CD005FB4A8 /* Like.h */,
				6E433633194E74CD005FB4A8 /* Like.m */,
			);
			name = Like;
			sourceTree = "<group>";
		};
		6E4B15DE18C5B19A00A6BBE2 /* pins */ = {
			isa = PBXGroup;
			children = (
				6EE922C51900835700020991 /* bares e restaurantes */,
				6EE922CB1900835700020991 /* boates e pubs */,
				6EE922D11900835700020991 /* festas e shows */,
				6EE922D71900835700020991 /* locais publicos */,
			);
			name = pins;
			sourceTree = "<group>";
		};
		6E51E684197C501300A58D93 /* Services */ = {
			isa = PBXGroup;
			children = (
				6E51E685197C502200A58D93 /* LocalStorageService.h */,
				6E51E686197C502200A58D93 /* LocalStorageService.m */,
				6E51E687197C502200A58D93 /* ChatService.h */,
				6E51E688197C502200A58D93 /* ChatService.m */,
				6E51E689197C502200A58D93 /* CharactersEscapeService.h */,
				6E51E68A197C502200A58D93 /* CharactersEscapeService.m */,
			);
			name = Services;
			sourceTree = "<group>";
		};
		6E51E68E197C560200A58D93 /* Chat */ = {
			isa = PBXGroup;
			children = (
				6EAD7322197F1550006436E9 /* ChatViewController.h */,
				6EAD7323197F1550006436E9 /* ChatViewController.m */,
			);
			name = Chat;
			sourceTree = "<group>";
		};
		6E7050A318BAB65C0029E58A /* Settings */ = {
			isa = PBXGroup;
			children = (
				6E516FE118C4C63D00C8A929 /* SettingsTableViewController.h */,
				6E516FE218C4C63D00C8A929 /* SettingsTableViewController.m */,
				6E428D781957AFD30031B7F2 /* GenerosTableViewController.h */,
				6E428D791957AFD30031B7F2 /* GenerosTableViewController.m */,
				6E428D7B1957B0430031B7F2 /* GenerosTableViewCell.h */,
				6E428D7C1957B0430031B7F2 /* GenerosTableViewCell.m */,
			);
			name = Settings;
			sourceTree = "<group>";
		};
		6E8B8082192593370006DABE /* ControleTeclado */ = {
			isa = PBXGroup;
			children = (
				6E8B807D192593300006DABE /* ControleTeclado.h */,
				6E8B807E192593300006DABE /* ControleTeclado.m */,
				6E8B807F192593300006DABE /* ControleTeclado.xib */,
			);
			name = ControleTeclado;
			sourceTree = "<group>";
		};
		6EAF7DF91973F081007CCC7C /* Minhas combinações */ = {
			isa = PBXGroup;
			children = (
				6EAF7DF61973F03D007CCC7C /* MinhasCombinacoesTableViewController.h */,
				6EAF7DF71973F03D007CCC7C /* MinhasCombinacoesTableViewController.m */,
				6EAF7DFE1973FDAC007CCC7C /* MinhasCombinacoesTableViewCell.h */,
				6EAF7DFF1973FDAC007CCC7C /* MinhasCombinacoesTableViewCell.m */,
			);
			name = "Minhas combinações";
			sourceTree = "<group>";
		};
		6EAF7DFA1973F0D2007CCC7C /* Perfil de local */ = {
			isa = PBXGroup;
			children = (
				6EC1E414192E1A470095693F /* PerfilLocalTableViewController.h */,
				6EC1E415192E1A470095693F /* PerfilLocalTableViewController.m */,
			);
			name = "Perfil de local";
			sourceTree = "<group>";
		};
		6EAF7DFB1973F0DB007CCC7C /* Confirma checkin */ = {
			isa = PBXGroup;
			children = (
				6E606F3818DA4251003291E6 /* ConfirmaCheckinViewController.h */,
				6E606F3918DA4251003291E6 /* ConfirmaCheckinViewController.m */,
			);
			name = "Confirma checkin";
			sourceTree = "<group>";
		};
		6EAF7DFC1973F0F4007CCC7C /* Confirma adição local */ = {
			isa = PBXGroup;
			children = (
				6E402A1D1925C9EE00EF9052 /* ConfirmaAdicaoViewController.h */,
				6E402A1E1925C9EE00EF9052 /* ConfirmaAdicaoViewController.m */,
			);
			name = "Confirma adição local";
			sourceTree = "<group>";
		};
		6EAF7DFD1973F140007CCC7C /* Adiciona local */ = {
			isa = PBXGroup;
			children = (
				6EECED7B1919BD220054F6F0 /* AdicionaLocalTableViewController.h */,
				6EECED7C1919BD220054F6F0 /* AdicionaLocalTableViewController.m */,
				6E2ABFDD1924ED6700C8CE36 /* Tipo local */,
			);
			name = "Adiciona local";
			sourceTree = "<group>";
		};
		6EAF7E04197406A7007CCC7C /* Match */ = {
			isa = PBXGroup;
			children = (
				6EAF7E0119740694007CCC7C /* Match.h */,
				6EAF7E0219740694007CCC7C /* Match.m */,
			);
			name = Match;
			sourceTree = "<group>";
		};
		6EB6C61118C0196600240B6B /* Model */ = {
			isa = PBXGroup;
			children = (
				6EB6C61C18C025A100240B6B /* Usuario */,
				6EB6C61218C0197600240B6B /* Local */,
				6E3596F118D933D400C5D4B4 /* Checkin */,
				6E433635194E74D5005FB4A8 /* Like */,
				6EAF7E04197406A7007CCC7C /* Match */,
			);
			name = Model;
			sourceTree = "<group>";
		};
		6EB6C61218C0197600240B6B /* Local */ = {
			isa = PBXGroup;
			children = (
				6EB6C61318C0199E00240B6B /* Local.h */,
				6EB6C61418C0199E00240B6B /* Local.m */,
			);
			name = Local;
			sourceTree = "<group>";
		};
		6EB6C61C18C025A100240B6B /* Usuario */ = {
			isa = PBXGroup;
			children = (
				6EB6C61D18C025B000240B6B /* Usuario.h */,
				6EB6C61E18C025B000240B6B /* Usuario.m */,
			);
			name = Usuario;
			sourceTree = "<group>";
		};
		6EBAE5AF18B69C620050FC63 /* Mapa principal */ = {
			isa = PBXGroup;
			children = (
				6EF4D31318B3F6F800334BDD /* HomeViewController.h */,
				6EF4D31418B3F6F800334BDD /* HomeViewController.m */,
				6E4B15BF18C5934700A6BBE2 /* PointLocais.h */,
				6E4B15C018C5934700A6BBE2 /* PointLocais.m */,
				6EB6C61718C01ED400240B6B /* PontoLocal.h */,
				6EB6C61818C01ED400240B6B /* PontoLocal.m */,
			);
			name = "Mapa principal";
			sourceTree = "<group>";
		};
		6EBAE5B018B69C680050FC63 /* Menu */ = {
			isa = PBXGroup;
			children = (
				6EBAE5B118B69C8C0050FC63 /* MenuViewController.h */,
				6EBAE5B218B69C8C0050FC63 /* MenuViewController.m */,
			);
			name = Menu;
			sourceTree = "<group>";
		};
		6EBAE5B418B6B12E0050FC63 /* Resources */ = {
			isa = PBXGroup;
			children = (
				6E51E684197C501300A58D93 /* Services */,
				6E8B8082192593370006DABE /* ControleTeclado */,
				6EDE7AB318D218B800E378FE /* Fonts */,
				6EBAE5B518B6B1350050FC63 /* Images */,
			);
			name = Resources;
			sourceTree = "<group>";
		};
		6EBAE5B518B6B1350050FC63 /* Images */ = {
			isa = PBXGroup;
			children = (
				6E402A161925BC4100EF9052 /* rotulos */,
				6E4B15DE18C5B19A00A6BBE2 /* pins */,
				6ED68C2718F5C843005F4FCA /* logo_splash.png */,
				6ED68C2918F5C8E6005F4FCA /* logo_splash@2x.png */,
				6E6DF74919088F3700DF8D76 /* stickman.png */,
				6ED597EA18D625FF00573E7E /* icone_configuracoes@2x.png */,
				6EAF7DF41973EEDF007CCC7C /* icone_combinacoes@2x.png */,
				6ED68C2B18F5D113005F4FCA /* fb_transparent@2x.png */,
				6ED597EB18D625FF00573E7E /* icone_fazercheckin@2x.png */,
				6ED597ED18D625FF00573E7E /* icone_logout@2x.png */,
				6E1D84A518D7382D00CF5496 /* icone_inicio@2x.png */,
				6ED597EE18D625FF00573E7E /* icone_profile@2x.png */,
				6EDE7AB818D227F000E378FE /* icone_menu@2x.png */,
				6EDE7AB618D223E900E378FE /* seta@2x.png */,
				6ECA6E0018D0ECC800DC067C /* icone_locais@2x.png */,
				6ECA6DF418D0E17600DC067C /* icone_nav@2x.png */,
				6E52F725192CE00B00955749 /* ico_pessoas_local@2x.png */,
				6E52F727192CE42600955749 /* disclosure@2x.png */,
				6E52F729192D0AA400955749 /* ico_boate_pub@2x.png */,
				6E28FB7B192E7689008EBF48 /* ico_fem@2x.png */,
				6E28FB7C192E7689008EBF48 /* ico_mas@2x.png */,
				6EBA85501932B06B00361031 /* btn_me@2x.png */,
				6E1A0193194FB52C00AA0ABF /* coracaoCurtido@2x.png */,
			);
			name = Images;
			sourceTree = "<group>";
		};
		6EDE7AB318D218B800E378FE /* Fonts */ = {
			isa = PBXGroup;
			children = (
				6EDE7AB418D218C300E378FE /* brie-medium.ttf */,
			);
			name = Fonts;
			sourceTree = "<group>";
		};
		6EE440C518C02BEA0033D95B /* MappingProvider */ = {
			isa = PBXGroup;
			children = (
				6EE440C618C02C870033D95B /* MappingProvider.h */,
				6EE440C718C02C870033D95B /* MappingProvider.m */,
			);
			name = MappingProvider;
			sourceTree = "<group>";
		};
		6EE518BA18B186B400250C71 /* Controller */ = {
			isa = PBXGroup;
			children = (
				6E51E68E197C560200A58D93 /* Chat */,
				6EBAE5B018B69C680050FC63 /* Menu */,
				6EAF7DF91973F081007CCC7C /* Minhas combinações */,
				6E1A0195194FB64F00AA0ABF /* Grade das latas */,
				6E433631194E2FC9005FB4A8 /* Perfil de usuário */,
				6E7050A318BAB65C0029E58A /* Settings */,
				6EAF7DFA1973F0D2007CCC7C /* Perfil de local */,
				6EAF7DFB1973F0DB007CCC7C /* Confirma checkin */,
				6EAF7DFC1973F0F4007CCC7C /* Confirma adição local */,
				6E2ABFDE19251E1000C8CE36 /* Locais proximos */,
				6E2ABFDF19251E5100C8CE36 /* TopLocais */,
				6EAF7DFD1973F140007CCC7C /* Adiciona local */,
				6EBAE5AF18B69C620050FC63 /* Mapa principal */,
				6EE518BB18B186C900250C71 /* Login */,
			);
			name = Controller;
			sourceTree = "<group>";
		};
		6EE518BB18B186C900250C71 /* Login */ = {
			isa = PBXGroup;
			children = (
				6EF4D31018B3F6CE00334BDD /* LoginViewController.h */,
				6EF4D31118B3F6CE00334BDD /* LoginViewController.m */,
			);
			name = Login;
			sourceTree = "<group>";
		};
		6EE922C51900835700020991 /* bares e restaurantes */ = {
			isa = PBXGroup;
			children = (
				6EE922C61900835700020991 /* pin-bar-1@2x.png */,
				6EE922C71900835700020991 /* pin-bar-2@2x.png */,
				6EE922C81900835700020991 /* pin-bar-3@2x.png */,
				6EE922C91900835700020991 /* pin-bar-4@2x.png */,
				6EE922CA1900835700020991 /* pin-bar-5@2x.png */,
			);
			path = "bares e restaurantes";
			sourceTree = "<group>";
		};
		6EE922CB1900835700020991 /* boates e pubs */ = {
			isa = PBXGroup;
			children = (
				6EE922CC1900835700020991 /* pin-balada-1@2x.png */,
				6EE922CD1900835700020991 /* pin-balada-2@2x.png */,
				6EE922CE1900835700020991 /* pin-balada-3@2x.png */,
				6EE922CF1900835700020991 /* pin-balada-4@2x.png */,
				6EE922D01900835700020991 /* pin-balada-5@2x.png */,
			);
			path = "boates e pubs";
			sourceTree = "<group>";
		};
		6EE922D11900835700020991 /* festas e shows */ = {
			isa = PBXGroup;
			children = (
				6EE922D21900835700020991 /* pin-festa-1@2x.png */,
				6EE922D31900835700020991 /* pin-festa-2@2x.png */,
				6EE922D41900835700020991 /* pin-festa-3@2x.png */,
				6EE922D51900835700020991 /* pin-festa-4@2x.png */,
				6EE922D61900835700020991 /* pin-festa-5@2x.png */,
			);
			path = "festas e shows";
			sourceTree = "<group>";
		};
		6EE922D71900835700020991 /* locais publicos */ = {
			isa = PBXGroup;
			children = (
				6EE922D81900835700020991 /* pin-publicos-1@2x.png */,
				6EE922D91900835700020991 /* pin-publicos-2@2x.png */,
				6EE922DA1900835700020991 /* pin-publicos-3@2x.png */,
				6EE922DB1900835700020991 /* pin-publicos-4@2x.png */,
				6EE922DC1900835700020991 /* pin-publicos-5@2x.png */,
			);
			path = "locais publicos";
			sourceTree = "<group>";
		};
		6EF4312F18B17755007F7D79 = {
			isa = PBXGroup;
			children = (
				6EF4314118B17755007F7D79 /* Onrange */,
				6EF4316018B17755007F7D79 /* OnrangeTests */,
				6EF4313A18B17755007F7D79 /* Frameworks */,
				6EF4313918B17755007F7D79 /* Products */,
				FF34FB1281CB4D0C9A507792 /* Pods.xcconfig */,
			);
			sourceTree = "<group>";
		};
		6EF4313918B17755007F7D79 /* Products */ = {
			isa = PBXGroup;
			children = (
				6EF4313818B17755007F7D79 /* Onrange.app */,
				6EF4315918B17755007F7D79 /* OnrangeTests.xctest */,
			);
			name = Products;
			sourceTree = "<group>";
		};
		6EF4313A18B17755007F7D79 /* Frameworks */ = {
			isa = PBXGroup;
			children = (
				6E5B495319A280A2009AE224 /* Quickblox.framework */,
				6E51E67F197C38DE00A58D93 /* Security.framework */,
				6E51E67D197C38D400A58D93 /* CoreVideo.framework */,
				6E51E67B197C38C400A58D93 /* Accelerate.framework */,
				6E51E679197C38BC00A58D93 /* CoreMedia.framework */,
				6E51E677197C38A700A58D93 /* AudioToolbox.framework */,
				6E51E674197C381A00A58D93 /* Quickblox.framework */,
				6EACD60E196CD65000719003 /* libstdc++.dylib */,
				6EACD60A196CD28C00719003 /* libresolv.9.dylib */,
				6EACD608196CD28100719003 /* libxml2.2.dylib */,
				6EACD606196CD27800719003 /* libresolv.dylib */,
				6EACD604196CD27000719003 /* libz.dylib */,
				6EACD602196CD26900719003 /* CoreData.framework */,
				6EACD600196CD25100719003 /* MobileCoreServices.framework */,
				6EACD5FE196CD24700719003 /* SystemConfiguration.framework */,
				6EACD5FC196CD23B00719003 /* CFNetwork.framework */,
				6E516FE418C4EDB200C8A929 /* CoreLocation.framework */,
				6EB6C61A18C020F800240B6B /* MapKit.framework */,
				6E0AB73F18B7B01C003DCF1E /* QuartzCore.framework */,
				6EF4313B18B17755007F7D79 /* Foundation.framework */,
				6EF4313D18B17755007F7D79 /* CoreGraphics.framework */,
				6EF4313F18B17755007F7D79 /* UIKit.framework */,
				6EF4315A18B17755007F7D79 /* XCTest.framework */,
				5D1EBCE35BD04265881DE629 /* libPods.a */,
			);
			name = Frameworks;
			sourceTree = "<group>";
		};
		6EF4314118B17755007F7D79 /* Onrange */ = {
			isa = PBXGroup;
			children = (
				6EF4314A18B17755007F7D79 /* AppDelegate.h */,
				6EF4314B18B17755007F7D79 /* AppDelegate.m */,
				6EF4314D18B17755007F7D79 /* Main.storyboard */,
				6EE440C518C02BEA0033D95B /* MappingProvider */,
				6EB6C61118C0196600240B6B /* Model */,
				6EE518BA18B186B400250C71 /* Controller */,
				6EF4315318B17755007F7D79 /* Images.xcassets */,
				6EBAE5B418B6B12E0050FC63 /* Resources */,
				6EF4314218B17755007F7D79 /* Supporting Files */,
			);
			path = Onrange;
			sourceTree = "<group>";
		};
		6EF4314218B17755007F7D79 /* Supporting Files */ = {
			isa = PBXGroup;
			children = (
				6EF4314318B17755007F7D79 /* Onrange-Info.plist */,
				6EF4314418B17755007F7D79 /* InfoPlist.strings */,
				6EF4314718B17755007F7D79 /* main.m */,
				6EF4314918B17755007F7D79 /* Onrange-Prefix.pch */,
			);
			name = "Supporting Files";
			sourceTree = "<group>";
		};
		6EF4316018B17755007F7D79 /* OnrangeTests */ = {
			isa = PBXGroup;
			children = (
				6EF4316618B17755007F7D79 /* PubseeTests.m */,
				6EF4316118B17755007F7D79 /* Supporting Files */,
			);
			path = OnrangeTests;
			sourceTree = "<group>";
		};
		6EF4316118B17755007F7D79 /* Supporting Files */ = {
			isa = PBXGroup;
			children = (
				6EF4316218B17755007F7D79 /* OnrangeTests-Info.plist */,
				6EF4316318B17755007F7D79 /* InfoPlist.strings */,
			);
			name = "Supporting Files";
			sourceTree = "<group>";
		};
/* End PBXGroup section */

/* Begin PBXNativeTarget section */
		6EF4313718B17755007F7D79 /* Onrange */ = {
			isa = PBXNativeTarget;
			buildConfigurationList = 6EF4316A18B17755007F7D79 /* Build configuration list for PBXNativeTarget "Onrange" */;
			buildPhases = (
				1E8BA3B094904C53BE326F77 /* Check Pods Manifest.lock */,
				6EF4313418B17755007F7D79 /* Sources */,
				6EF4313518B17755007F7D79 /* Frameworks */,
				6EF4313618B17755007F7D79 /* Resources */,
				981144A608F9493797F037F6 /* Copy Pods Resources */,
			);
			buildRules = (
			);
			dependencies = (
			);
			name = Onrange;
			productName = Pubsee;
			productReference = 6EF4313818B17755007F7D79 /* Onrange.app */;
			productType = "com.apple.product-type.application";
		};
		6EF4315818B17755007F7D79 /* OnrangeTests */ = {
			isa = PBXNativeTarget;
			buildConfigurationList = 6EF4316D18B17755007F7D79 /* Build configuration list for PBXNativeTarget "OnrangeTests" */;
			buildPhases = (
				6EF4315518B17755007F7D79 /* Sources */,
				6EF4315618B17755007F7D79 /* Frameworks */,
				6EF4315718B17755007F7D79 /* Resources */,
			);
			buildRules = (
			);
			dependencies = (
				6EF4315F18B17755007F7D79 /* PBXTargetDependency */,
			);
			name = OnrangeTests;
			productName = PubseeTests;
			productReference = 6EF4315918B17755007F7D79 /* OnrangeTests.xctest */;
			productType = "com.apple.product-type.bundle.unit-test";
		};
/* End PBXNativeTarget section */

/* Begin PBXProject section */
		6EF4313018B17755007F7D79 /* Project object */ = {
			isa = PBXProject;
			attributes = {
				LastUpgradeCheck = 0500;
				ORGANIZATIONNAME = "Thiago Castro";
				TargetAttributes = {
					6EF4315818B17755007F7D79 = {
						TestTargetID = 6EF4313718B17755007F7D79;
					};
				};
			};
			buildConfigurationList = 6EF4313318B17755007F7D79 /* Build configuration list for PBXProject "Onrange" */;
			compatibilityVersion = "Xcode 3.2";
			developmentRegion = English;
			hasScannedForEncodings = 0;
			knownRegions = (
				en,
				Base,
			);
			mainGroup = 6EF4312F18B17755007F7D79;
			productRefGroup = 6EF4313918B17755007F7D79 /* Products */;
			projectDirPath = "";
			projectRoot = "";
			targets = (
				6EF4313718B17755007F7D79 /* Onrange */,
				6EF4315818B17755007F7D79 /* OnrangeTests */,
			);
		};
/* End PBXProject section */

/* Begin PBXResourcesBuildPhase section */
		6EF4313618B17755007F7D79 /* Resources */ = {
			isa = PBXResourcesBuildPhase;
			buildActionMask = 2147483647;
			files = (
				6EE922EF1900835700020991 /* pin-publicos-4@2x.png in Resources */,
				6EF4315418B17755007F7D79 /* Images.xcassets in Resources */,
				6EE922E31900835700020991 /* pin-balada-2@2x.png in Resources */,
				6ED597EF18D625FF00573E7E /* icone_configuracoes@2x.png in Resources */,
				6E52F72A192D0AA400955749 /* ico_boate_pub@2x.png in Resources */,
				6EDE7AB718D223E900E378FE /* seta@2x.png in Resources */,
				6EE922DE1900835700020991 /* pin-bar-2@2x.png in Resources */,
				6EBA85511932B06B00361031 /* btn_me@2x.png in Resources */,
				6EE922EC1900835700020991 /* pin-publicos-1@2x.png in Resources */,
				6E28FB7D192E7689008EBF48 /* ico_fem@2x.png in Resources */,
				6ED68C2C18F5D113005F4FCA /* fb_transparent@2x.png in Resources */,
				6E402A1C1925C8B600EF9052 /* chat.png in Resources */,
				6E1A0194194FB52C00AA0ABF /* coracaoCurtido@2x.png in Resources */,
				6EE922EE1900835700020991 /* pin-publicos-3@2x.png in Resources */,
				6EE922E71900835700020991 /* pin-festa-1@2x.png in Resources */,
				6ECA6DF518D0E17600DC067C /* icone_nav@2x.png in Resources */,
				6EE922E61900835700020991 /* pin-balada-5@2x.png in Resources */,
				6E433638194E9445005FB4A8 /* heart.png in Resources */,
				6EE922E81900835700020991 /* pin-festa-2@2x.png in Resources */,
				6EE922DF1900835700020991 /* pin-bar-3@2x.png in Resources */,
				6EE922E21900835700020991 /* pin-balada-1@2x.png in Resources */,
				6E402A191925BC4100EF9052 /* map.png in Resources */,
				6E52F726192CE00B00955749 /* ico_pessoas_local@2x.png in Resources */,
				6EE922EB1900835700020991 /* pin-festa-5@2x.png in Resources */,
				6EE922E41900835700020991 /* pin-balada-3@2x.png in Resources */,
				6ED597F018D625FF00573E7E /* icone_fazercheckin@2x.png in Resources */,
				6ED597F218D625FF00573E7E /* icone_logout@2x.png in Resources */,
				6ED68C2A18F5C8E6005F4FCA /* logo_splash@2x.png in Resources */,
				6E402A1A1925BC4100EF9052 /* rocket.png in Resources */,
				6E28FB7E192E7689008EBF48 /* ico_mas@2x.png in Resources */,
				6ED597F318D625FF00573E7E /* icone_profile@2x.png in Resources */,
				6EAF7DF51973EEDF007CCC7C /* icone_combinacoes@2x.png in Resources */,
				6EE922DD1900835700020991 /* pin-bar-1@2x.png in Resources */,
				6EE922E11900835700020991 /* pin-bar-5@2x.png in Resources */,
				6E433640194E957A005FB4A8 /* alvo@2x.png in Resources */,
				6ED68C2818F5C843005F4FCA /* logo_splash.png in Resources */,
				6EDE7AB918D227F000E378FE /* icone_menu@2x.png in Resources */,
				6E1D84A618D7382D00CF5496 /* icone_inicio@2x.png in Resources */,
				6EDE7AB518D219E700E378FE /* brie-medium.ttf in Resources */,
				6EE922ED1900835700020991 /* pin-publicos-2@2x.png in Resources */,
				6EE922E51900835700020991 /* pin-balada-4@2x.png in Resources */,
				6EE922E91900835700020991 /* pin-festa-3@2x.png in Resources */,
				6E52F728192CE42600955749 /* disclosure@2x.png in Resources */,
				6E8B8081192593300006DABE /* ControleTeclado.xib in Resources */,
				6E43363F194E957A005FB4A8 /* alvo.png in Resources */,
				6EF4314618B17755007F7D79 /* InfoPlist.strings in Resources */,
				6EF4314F18B17755007F7D79 /* Main.storyboard in Resources */,
				6ECA6E0218D0ECC800DC067C /* icone_locais@2x.png in Resources */,
				6EE922F01900835700020991 /* pin-publicos-5@2x.png in Resources */,
				6EE922E01900835700020991 /* pin-bar-4@2x.png in Resources */,
				6E433639194E9445005FB4A8 /* heart@2x.png in Resources */,
				6E6DF74A19088F3700DF8D76 /* stickman.png in Resources */,
				6EE922EA1900835700020991 /* pin-festa-4@2x.png in Resources */,
			);
			runOnlyForDeploymentPostprocessing = 0;
		};
		6EF4315718B17755007F7D79 /* Resources */ = {
			isa = PBXResourcesBuildPhase;
			buildActionMask = 2147483647;
			files = (
				6EF4316518B17755007F7D79 /* InfoPlist.strings in Resources */,
			);
			runOnlyForDeploymentPostprocessing = 0;
		};
/* End PBXResourcesBuildPhase section */

/* Begin PBXShellScriptBuildPhase section */
		1E8BA3B094904C53BE326F77 /* Check Pods Manifest.lock */ = {
			isa = PBXShellScriptBuildPhase;
			buildActionMask = 2147483647;
			files = (
			);
			inputPaths = (
			);
			name = "Check Pods Manifest.lock";
			outputPaths = (
			);
			runOnlyForDeploymentPostprocessing = 0;
			shellPath = /bin/sh;
			shellScript = "diff \"${PODS_ROOT}/../Podfile.lock\" \"${PODS_ROOT}/Manifest.lock\" > /dev/null\nif [[ $? != 0 ]] ; then\n    cat << EOM\nerror: The sandbox is not in sync with the Podfile.lock. Run 'pod install' or update your CocoaPods installation.\nEOM\n    exit 1\nfi\n";
			showEnvVarsInLog = 0;
		};
		981144A608F9493797F037F6 /* Copy Pods Resources */ = {
			isa = PBXShellScriptBuildPhase;
			buildActionMask = 2147483647;
			files = (
			);
			inputPaths = (
			);
			name = "Copy Pods Resources";
			outputPaths = (
			);
			runOnlyForDeploymentPostprocessing = 0;
			shellPath = /bin/sh;
			shellScript = "\"${SRCROOT}/Pods/Pods-resources.sh\"\n";
			showEnvVarsInLog = 0;
		};
/* End PBXShellScriptBuildPhase section */

/* Begin PBXSourcesBuildPhase section */
		6EF4313418B17755007F7D79 /* Sources */ = {
			isa = PBXSourcesBuildPhase;
			buildActionMask = 2147483647;
			files = (
				6E3596F418D9340700C5D4B4 /* Checkin.m in Sources */,
				6EECED801919C9750054F6F0 /* TipoLocalTableViewController.m in Sources */,
				6E516FE318C4C63D00C8A929 /* SettingsTableViewController.m in Sources */,
				6E36D750191AF722003598C4 /* LocaisProximosTableViewCell.m in Sources */,
				6E43363C194E94C1005FB4A8 /* ConfirmaMatchViewController.m in Sources */,
				6E211F5E18DFBE3F008DCC1F /* LocaisProximosTableViewController.m in Sources */,
				6EE440C818C02C870033D95B /* MappingProvider.m in Sources */,
				6E51E68D197C502200A58D93 /* CharactersEscapeService.m in Sources */,
				6EAF7E0319740694007CCC7C /* Match.m in Sources */,
				6EECED7D1919BD220054F6F0 /* AdicionaLocalTableViewController.m in Sources */,
				6EB6C61F18C025B000240B6B /* Usuario.m in Sources */,
				6EC1E416192E1A470095693F /* PerfilLocalTableViewController.m in Sources */,
				6EF4314C18B17755007F7D79 /* AppDelegate.m in Sources */,
				6EAF7DF81973F03D007CCC7C /* MinhasCombinacoesTableViewController.m in Sources */,
				6EF4314818B17755007F7D79 /* main.m in Sources */,
				6E8B8080192593300006DABE /* ControleTeclado.m in Sources */,
				6E428D7D1957B0430031B7F2 /* GenerosTableViewCell.m in Sources */,
				6E0AB74318B7C500003DCF1E /* LocaisTableViewController.m in Sources */,
				6EF4D31218B3F6CE00334BDD /* LoginViewController.m in Sources */,
				6E4B15C118C5934700A6BBE2 /* PointLocais.m in Sources */,
				6EE440CB18C037590033D95B /* TopLocaisComCheckinCell.m in Sources */,
				6EF4D31518B3F6F800334BDD /* HomeViewController.m in Sources */,
				6E5FC43018D881FB00879CA6 /* UsuariosCheckinHeaderView.m in Sources */,
				6E402A1F1925C9EE00EF9052 /* ConfirmaAdicaoViewController.m in Sources */,
				6E433630194E2FB9005FB4A8 /* PerfilUsuarioTableViewController.m in Sources */,
				6E51E68B197C502200A58D93 /* LocalStorageService.m in Sources */,
				6E51E68C197C502200A58D93 /* ChatService.m in Sources */,
				6EB6C61518C0199E00240B6B /* Local.m in Sources */,
				6EBAE5B318B69C8C0050FC63 /* MenuViewController.m in Sources */,
				6E433634194E74CD005FB4A8 /* Like.m in Sources */,
				6E4B15E818C81CF000A6BBE2 /* UsuarioFotoCollectionCell.m in Sources */,
				6E428D7A1957AFD30031B7F2 /* GenerosTableViewController.m in Sources */,
				6EAD7324197F1550006436E9 /* ChatViewController.m in Sources */,
				6E606F3A18DA4251003291E6 /* ConfirmaCheckinViewController.m in Sources */,
				6E2ABFDC1924DE7E00C8CE36 /* TipoLocalTableViewCell.m in Sources */,
				6EB6C61918C01ED400240B6B /* PontoLocal.m in Sources */,
				6EAF7E001973FDAC007CCC7C /* MinhasCombinacoesTableViewCell.m in Sources */,
				6E4B15E118C810FB00A6BBE2 /* UsuariosCheckedViewController.m in Sources */,
			);
			runOnlyForDeploymentPostprocessing = 0;
		};
		6EF4315518B17755007F7D79 /* Sources */ = {
			isa = PBXSourcesBuildPhase;
			buildActionMask = 2147483647;
			files = (
				6EF4316718B17755007F7D79 /* PubseeTests.m in Sources */,
			);
			runOnlyForDeploymentPostprocessing = 0;
		};
/* End PBXSourcesBuildPhase section */

/* Begin PBXTargetDependency section */
		6EF4315F18B17755007F7D79 /* PBXTargetDependency */ = {
			isa = PBXTargetDependency;
			target = 6EF4313718B17755007F7D79 /* Onrange */;
			targetProxy = 6EF4315E18B17755007F7D79 /* PBXContainerItemProxy */;
		};
/* End PBXTargetDependency section */

/* Begin PBXVariantGroup section */
		6EF4314418B17755007F7D79 /* InfoPlist.strings */ = {
			isa = PBXVariantGroup;
			children = (
				6EF4314518B17755007F7D79 /* en */,
			);
			name = InfoPlist.strings;
			sourceTree = "<group>";
		};
		6EF4314D18B17755007F7D79 /* Main.storyboard */ = {
			isa = PBXVariantGroup;
			children = (
				6EF4314E18B17755007F7D79 /* Base */,
			);
			name = Main.storyboard;
			sourceTree = "<group>";
		};
		6EF4316318B17755007F7D79 /* InfoPlist.strings */ = {
			isa = PBXVariantGroup;
			children = (
				6EF4316418B17755007F7D79 /* en */,
			);
			name = InfoPlist.strings;
			sourceTree = "<group>";
		};
/* End PBXVariantGroup section */

/* Begin XCBuildConfiguration section */
		6EF4316818B17755007F7D79 /* Debug */ = {
			isa = XCBuildConfiguration;
			buildSettings = {
				ALWAYS_SEARCH_USER_PATHS = NO;
				ARCHS = "$(ARCHS_STANDARD_INCLUDING_64_BIT)";
				CLANG_CXX_LANGUAGE_STANDARD = "gnu++0x";
				CLANG_CXX_LIBRARY = "libc++";
				CLANG_ENABLE_MODULES = YES;
				CLANG_ENABLE_OBJC_ARC = YES;
				CLANG_WARN_BOOL_CONVERSION = YES;
				CLANG_WARN_CONSTANT_CONVERSION = YES;
				CLANG_WARN_DIRECT_OBJC_ISA_USAGE = YES_ERROR;
				CLANG_WARN_EMPTY_BODY = YES;
				CLANG_WARN_ENUM_CONVERSION = YES;
				CLANG_WARN_INT_CONVERSION = YES;
				CLANG_WARN_OBJC_ROOT_CLASS = YES_ERROR;
				CLANG_WARN__DUPLICATE_METHOD_MATCH = YES;
				CODE_SIGN_IDENTITY = "iPhone Distribution";
				"CODE_SIGN_IDENTITY[sdk=iphoneos*]" = "iPhone Distribution";
				COPY_PHASE_STRIP = NO;
				GCC_C_LANGUAGE_STANDARD = gnu99;
				GCC_DYNAMIC_NO_PIC = NO;
				GCC_OPTIMIZATION_LEVEL = 0;
				GCC_PREPROCESSOR_DEFINITIONS = (
					"DEBUG=1",
					"$(inherited)",
				);
				GCC_SYMBOLS_PRIVATE_EXTERN = NO;
				GCC_WARN_64_TO_32_BIT_CONVERSION = YES;
				GCC_WARN_ABOUT_RETURN_TYPE = YES_ERROR;
				GCC_WARN_UNDECLARED_SELECTOR = YES;
				GCC_WARN_UNINITIALIZED_AUTOS = YES;
				GCC_WARN_UNUSED_FUNCTION = YES;
				GCC_WARN_UNUSED_VARIABLE = YES;
				IPHONEOS_DEPLOYMENT_TARGET = 7.0;
				ONLY_ACTIVE_ARCH = YES;
				SDKROOT = iphoneos;
			};
			name = Debug;
		};
		6EF4316918B17755007F7D79 /* Release */ = {
			isa = XCBuildConfiguration;
			buildSettings = {
				ALWAYS_SEARCH_USER_PATHS = NO;
				ARCHS = "$(ARCHS_STANDARD_INCLUDING_64_BIT)";
				CLANG_CXX_LANGUAGE_STANDARD = "gnu++0x";
				CLANG_CXX_LIBRARY = "libc++";
				CLANG_ENABLE_MODULES = YES;
				CLANG_ENABLE_OBJC_ARC = YES;
				CLANG_WARN_BOOL_CONVERSION = YES;
				CLANG_WARN_CONSTANT_CONVERSION = YES;
				CLANG_WARN_DIRECT_OBJC_ISA_USAGE = YES_ERROR;
				CLANG_WARN_EMPTY_BODY = YES;
				CLANG_WARN_ENUM_CONVERSION = YES;
				CLANG_WARN_INT_CONVERSION = YES;
				CLANG_WARN_OBJC_ROOT_CLASS = YES_ERROR;
				CLANG_WARN__DUPLICATE_METHOD_MATCH = YES;
				CODE_SIGN_IDENTITY = "iPhone Developer: Thiago Pires Alves de Castro (42HHF3VBQ7)";
				"CODE_SIGN_IDENTITY[sdk=iphoneos*]" = "iPhone Developer";
				COPY_PHASE_STRIP = YES;
				ENABLE_NS_ASSERTIONS = NO;
				GCC_C_LANGUAGE_STANDARD = gnu99;
				GCC_WARN_64_TO_32_BIT_CONVERSION = YES;
				GCC_WARN_ABOUT_RETURN_TYPE = YES_ERROR;
				GCC_WARN_UNDECLARED_SELECTOR = YES;
				GCC_WARN_UNINITIALIZED_AUTOS = YES;
				GCC_WARN_UNUSED_FUNCTION = YES;
				GCC_WARN_UNUSED_VARIABLE = YES;
				IPHONEOS_DEPLOYMENT_TARGET = 7.0;
				SDKROOT = iphoneos;
				VALIDATE_PRODUCT = YES;
			};
			name = Release;
		};
		6EF4316B18B17755007F7D79 /* Debug */ = {
			isa = XCBuildConfiguration;
			baseConfigurationReference = FF34FB1281CB4D0C9A507792 /* Pods.xcconfig */;
			buildSettings = {
				ASSETCATALOG_COMPILER_APPICON_NAME = AppIcon;
				ASSETCATALOG_COMPILER_LAUNCHIMAGE_NAME = LaunchImage;
				CODE_SIGN_IDENTITY = "iPhone Developer: Thiago Pires Alves de Castro (42HHF3VBQ7)";
				FRAMEWORK_SEARCH_PATHS = (
					"$(inherited)",
					"$(PROJECT_DIR)",
					"$(PROJECT_DIR)/Framework",
				);
				GCC_PRECOMPILE_PREFIX_HEADER = YES;
				GCC_PREFIX_HEADER = "Onrange/Onrange-Prefix.pch";
				INFOPLIST_FILE = "Onrange/Onrange-Info.plist";
				OTHER_LDFLAGS = (
					"-ObjC",
					"-framework",
					CFNetwork,
					"-framework",
					CoreData,
					"-framework",
					CoreGraphics,
					"-framework",
					CoreLocation,
					"-framework",
					Foundation,
					"-framework",
					MobileCoreServices,
					"-framework",
					QuartzCore,
					"-framework",
					Security,
					"-framework",
					SystemConfiguration,
					"-framework",
					UIKit,
					"-weak_framework",
					Accounts,
					"-weak_framework",
					AdSupport,
					"-weak_framework",
					Security,
					"-weak_framework",
					Social,
					"-lstdc++",
					"-lxml2",
				);
				PRODUCT_NAME = Onrange;
				USER_HEADER_SEARCH_PATHS = "Pods/**";
				WRAPPER_EXTENSION = app;
			};
			name = Debug;
		};
		6EF4316C18B17755007F7D79 /* Release */ = {
			isa = XCBuildConfiguration;
			baseConfigurationReference = FF34FB1281CB4D0C9A507792 /* Pods.xcconfig */;
			buildSettings = {
				ASSETCATALOG_COMPILER_APPICON_NAME = AppIcon;
				ASSETCATALOG_COMPILER_LAUNCHIMAGE_NAME = LaunchImage;
				CODE_SIGN_IDENTITY = "";
				"CODE_SIGN_IDENTITY[sdk=iphoneos*]" = "iPhone Distribution: Ingred Preis (G48Q3P557S)";
				FRAMEWORK_SEARCH_PATHS = (
					"$(inherited)",
					"$(PROJECT_DIR)",
					"$(PROJECT_DIR)/Framework",
				);
				GCC_PRECOMPILE_PREFIX_HEADER = YES;
				GCC_PREFIX_HEADER = "Onrange/Onrange-Prefix.pch";
				INFOPLIST_FILE = "Onrange/Onrange-Info.plist";
				OTHER_LDFLAGS = (
					"-ObjC",
					"-framework",
					CFNetwork,
					"-framework",
					CoreData,
					"-framework",
					CoreGraphics,
					"-framework",
					CoreLocation,
					"-framework",
					Foundation,
					"-framework",
					MobileCoreServices,
					"-framework",
					QuartzCore,
					"-framework",
					Security,
					"-framework",
					SystemConfiguration,
					"-framework",
					UIKit,
					"-weak_framework",
					Accounts,
					"-weak_framework",
					AdSupport,
					"-weak_framework",
					Security,
					"-weak_framework",
					Social,
					"-lstdc++",
					"-lxml2",
				);
				PRODUCT_NAME = Onrange;
				PROVISIONING_PROFILE = "93BF9A12-1BE1-4F01-94E1-2280D0BA4CE6";
				USER_HEADER_SEARCH_PATHS = "Pods/**";
				WRAPPER_EXTENSION = app;
			};
			name = Release;
		};
		6EF4316E18B17755007F7D79 /* Debug */ = {
			isa = XCBuildConfiguration;
			buildSettings = {
				ARCHS = "$(ARCHS_STANDARD_INCLUDING_64_BIT)";
				BUNDLE_LOADER = "$(BUILT_PRODUCTS_DIR)/Onrange.app/Onrange";
				FRAMEWORK_SEARCH_PATHS = (
					"$(SDKROOT)/Developer/Library/Frameworks",
					"$(inherited)",
					"$(DEVELOPER_FRAMEWORKS_DIR)",
				);
				GCC_PRECOMPILE_PREFIX_HEADER = YES;
				GCC_PREFIX_HEADER = "Onrange/Onrange-Prefix.pch";
				GCC_PREPROCESSOR_DEFINITIONS = (
					"DEBUG=1",
					"$(inherited)",
				);
				INFOPLIST_FILE = "OnrangeTests/OnrangeTests-Info.plist";
				PRODUCT_NAME = OnrangeTests;
				TEST_HOST = "$(BUNDLE_LOADER)";
				WRAPPER_EXTENSION = xctest;
			};
			name = Debug;
		};
		6EF4316F18B17755007F7D79 /* Release */ = {
			isa = XCBuildConfiguration;
			buildSettings = {
				ARCHS = "$(ARCHS_STANDARD_INCLUDING_64_BIT)";
				BUNDLE_LOADER = "$(BUILT_PRODUCTS_DIR)/Onrange.app/Onrange";
				CODE_SIGN_IDENTITY = "iPhone Developer";
				FRAMEWORK_SEARCH_PATHS = (
					"$(SDKROOT)/Developer/Library/Frameworks",
					"$(inherited)",
					"$(DEVELOPER_FRAMEWORKS_DIR)",
				);
				GCC_PRECOMPILE_PREFIX_HEADER = YES;
				GCC_PREFIX_HEADER = "Onrange/Onrange-Prefix.pch";
				INFOPLIST_FILE = "OnrangeTests/OnrangeTests-Info.plist";
				PRODUCT_NAME = OnrangeTests;
				TEST_HOST = "$(BUNDLE_LOADER)";
				WRAPPER_EXTENSION = xctest;
			};
			name = Release;
		};
/* End XCBuildConfiguration section */

/* Begin XCConfigurationList section */
		6EF4313318B17755007F7D79 /* Build configuration list for PBXProject "Onrange" */ = {
			isa = XCConfigurationList;
			buildConfigurations = (
				6EF4316818B17755007F7D79 /* Debug */,
				6EF4316918B17755007F7D79 /* Release */,
			);
			defaultConfigurationIsVisible = 0;
			defaultConfigurationName = Release;
		};
		6EF4316A18B17755007F7D79 /* Build configuration list for PBXNativeTarget "Onrange" */ = {
			isa = XCConfigurationList;
			buildConfigurations = (
				6EF4316B18B17755007F7D79 /* Debug */,
				6EF4316C18B17755007F7D79 /* Release */,
			);
			defaultConfigurationIsVisible = 0;
			defaultConfigurationName = Release;
		};
		6EF4316D18B17755007F7D79 /* Build configuration list for PBXNativeTarget "OnrangeTests" */ = {
			isa = XCConfigurationList;
			buildConfigurations = (
				6EF4316E18B17755007F7D79 /* Debug */,
				6EF4316F18B17755007F7D79 /* Release */,
			);
			defaultConfigurationIsVisible = 0;
			defaultConfigurationName = Release;
		};
/* End XCConfigurationList section */
	};
	rootObject = 6EF4313018B17755007F7D79 /* Project object */;
}
