// !$*UTF8*$!
{
	archiveVersion = 1;
	classes = {
	};
	objectVersion = 46;
	objects = {

/* Begin PBXBuildFile section */
		6E0AB74018B7B01C003DCF1E /* QuartzCore.framework in Frameworks */ = {isa = PBXBuildFile; fileRef = 6E0AB73F18B7B01C003DCF1E /* QuartzCore.framework */; };
		6E0AB74318B7C500003DCF1E /* LocaisTableViewController.m in Sources */ = {isa = PBXBuildFile; fileRef = 6E0AB74218B7C500003DCF1E /* LocaisTableViewController.m */; };
		6E0AB74D18B7CB8B003DCF1E /* icone_locais.png in Resources */ = {isa = PBXBuildFile; fileRef = 6E0AB74918B7CB8B003DCF1E /* icone_locais.png */; };
		6E0AB74E18B7CB8B003DCF1E /* icone_locais@2x.png in Resources */ = {isa = PBXBuildFile; fileRef = 6E0AB74A18B7CB8B003DCF1E /* icone_locais@2x.png */; };
		6E0AB75B18B7D1E0003DCF1E /* icone_menu.png in Resources */ = {isa = PBXBuildFile; fileRef = 6E0AB75918B7D1E0003DCF1E /* icone_menu.png */; };
		6E0AB75C18B7D1E0003DCF1E /* icone_menu@2x.png in Resources */ = {isa = PBXBuildFile; fileRef = 6E0AB75A18B7D1E0003DCF1E /* icone_menu@2x.png */; };
		6E0AB76718B7E179003DCF1E /* icone_nav.png in Resources */ = {isa = PBXBuildFile; fileRef = 6E0AB76518B7E179003DCF1E /* icone_nav.png */; };
		6E0AB76818B7E179003DCF1E /* icone_nav@2x.png in Resources */ = {isa = PBXBuildFile; fileRef = 6E0AB76618B7E179003DCF1E /* icone_nav@2x.png */; };
		6E70509A18BAA68F0029E58A /* background@2x.jpg in Resources */ = {isa = PBXBuildFile; fileRef = 6E70509818BAA68F0029E58A /* background@2x.jpg */; };
		6E70509B18BAA68F0029E58A /* background-568h@2x.jpg in Resources */ = {isa = PBXBuildFile; fileRef = 6E70509918BAA68F0029E58A /* background-568h@2x.jpg */; };
		6E7050A218BAB64F0029E58A /* SettingsViewController.m in Sources */ = {isa = PBXBuildFile; fileRef = 6E7050A118BAB64F0029E58A /* SettingsViewController.m */; };
		6E7050A618BABB160029E58A /* icone_inicio.png in Resources */ = {isa = PBXBuildFile; fileRef = 6E7050A418BABB160029E58A /* icone_inicio.png */; };
		6E7050A718BABB160029E58A /* icone_inicio@2x.png in Resources */ = {isa = PBXBuildFile; fileRef = 6E7050A518BABB160029E58A /* icone_inicio@2x.png */; };
		6EA939FC18B9B68C007B0025 /* fb_transparent.png in Resources */ = {isa = PBXBuildFile; fileRef = 6EA939FA18B9B68C007B0025 /* fb_transparent.png */; };
		6EA939FD18B9B68C007B0025 /* fb_transparent@2x.png in Resources */ = {isa = PBXBuildFile; fileRef = 6EA939FB18B9B68C007B0025 /* fb_transparent@2x.png */; };
		6EA93A0118B9BD9C007B0025 /* icone_configuracoes@2x.png in Resources */ = {isa = PBXBuildFile; fileRef = 6EA939FE18B9BD9C007B0025 /* icone_configuracoes@2x.png */; };
		6EA93A0218B9BD9C007B0025 /* icone_logout@2x.png in Resources */ = {isa = PBXBuildFile; fileRef = 6EA939FF18B9BD9C007B0025 /* icone_logout@2x.png */; };
		6EA93A0318B9BD9C007B0025 /* icone_profile@2x.png in Resources */ = {isa = PBXBuildFile; fileRef = 6EA93A0018B9BD9C007B0025 /* icone_profile@2x.png */; };
		6EB6C61518C0199E00240B6B /* Local.m in Sources */ = {isa = PBXBuildFile; fileRef = 6EB6C61418C0199E00240B6B /* Local.m */; };
		6EB6C61918C01ED400240B6B /* PontoLocal.m in Sources */ = {isa = PBXBuildFile; fileRef = 6EB6C61818C01ED400240B6B /* PontoLocal.m */; };
		6EB6C61B18C020F800240B6B /* MapKit.framework in Frameworks */ = {isa = PBXBuildFile; fileRef = 6EB6C61A18C020F800240B6B /* MapKit.framework */; };
		6EB6C61F18C025B000240B6B /* Usuario.m in Sources */ = {isa = PBXBuildFile; fileRef = 6EB6C61E18C025B000240B6B /* Usuario.m */; };
		6EBAE5B318B69C8C0050FC63 /* MenuViewController.m in Sources */ = {isa = PBXBuildFile; fileRef = 6EBAE5B218B69C8C0050FC63 /* MenuViewController.m */; };
		6EE440C818C02C870033D95B /* MappingProvider.m in Sources */ = {isa = PBXBuildFile; fileRef = 6EE440C718C02C870033D95B /* MappingProvider.m */; };
		6EE440CB18C037590033D95B /* TopLocaisComCheckinCell.m in Sources */ = {isa = PBXBuildFile; fileRef = 6EE440CA18C037590033D95B /* TopLocaisComCheckinCell.m */; };
		6EF4313C18B17755007F7D79 /* Foundation.framework in Frameworks */ = {isa = PBXBuildFile; fileRef = 6EF4313B18B17755007F7D79 /* Foundation.framework */; };
		6EF4313E18B17755007F7D79 /* CoreGraphics.framework in Frameworks */ = {isa = PBXBuildFile; fileRef = 6EF4313D18B17755007F7D79 /* CoreGraphics.framework */; };
		6EF4314018B17755007F7D79 /* UIKit.framework in Frameworks */ = {isa = PBXBuildFile; fileRef = 6EF4313F18B17755007F7D79 /* UIKit.framework */; };
		6EF4314618B17755007F7D79 /* InfoPlist.strings in Resources */ = {isa = PBXBuildFile; fileRef = 6EF4314418B17755007F7D79 /* InfoPlist.strings */; };
		6EF4314818B17755007F7D79 /* main.m in Sources */ = {isa = PBXBuildFile; fileRef = 6EF4314718B17755007F7D79 /* main.m */; };
		6EF4314C18B17755007F7D79 /* AppDelegate.m in Sources */ = {isa = PBXBuildFile; fileRef = 6EF4314B18B17755007F7D79 /* AppDelegate.m */; };
		6EF4314F18B17755007F7D79 /* Main.storyboard in Resources */ = {isa = PBXBuildFile; fileRef = 6EF4314D18B17755007F7D79 /* Main.storyboard */; };
		6EF4315418B17755007F7D79 /* Images.xcassets in Resources */ = {isa = PBXBuildFile; fileRef = 6EF4315318B17755007F7D79 /* Images.xcassets */; };
		6EF4315B18B17755007F7D79 /* XCTest.framework in Frameworks */ = {isa = PBXBuildFile; fileRef = 6EF4315A18B17755007F7D79 /* XCTest.framework */; };
		6EF4315C18B17755007F7D79 /* Foundation.framework in Frameworks */ = {isa = PBXBuildFile; fileRef = 6EF4313B18B17755007F7D79 /* Foundation.framework */; };
		6EF4315D18B17755007F7D79 /* UIKit.framework in Frameworks */ = {isa = PBXBuildFile; fileRef = 6EF4313F18B17755007F7D79 /* UIKit.framework */; };
		6EF4316518B17755007F7D79 /* InfoPlist.strings in Resources */ = {isa = PBXBuildFile; fileRef = 6EF4316318B17755007F7D79 /* InfoPlist.strings */; };
		6EF4316718B17755007F7D79 /* PubseeTests.m in Sources */ = {isa = PBXBuildFile; fileRef = 6EF4316618B17755007F7D79 /* PubseeTests.m */; };
		6EF4D31218B3F6CE00334BDD /* LoginViewController.m in Sources */ = {isa = PBXBuildFile; fileRef = 6EF4D31118B3F6CE00334BDD /* LoginViewController.m */; };
		6EF4D31518B3F6F800334BDD /* HomeViewController.m in Sources */ = {isa = PBXBuildFile; fileRef = 6EF4D31418B3F6F800334BDD /* HomeViewController.m */; };
		7FA1C988812E4A6EA3EBA1CA /* libPods.a in Frameworks */ = {isa = PBXBuildFile; fileRef = 5D1EBCE35BD04265881DE629 /* libPods.a */; };
/* End PBXBuildFile section */

/* Begin PBXContainerItemProxy section */
		6EF4315E18B17755007F7D79 /* PBXContainerItemProxy */ = {
			isa = PBXContainerItemProxy;
			containerPortal = 6EF4313018B17755007F7D79 /* Project object */;
			proxyType = 1;
			remoteGlobalIDString = 6EF4313718B17755007F7D79;
			remoteInfo = Pubsee;
		};
/* End PBXContainerItemProxy section */

/* Begin PBXFileReference section */
		5D1EBCE35BD04265881DE629 /* libPods.a */ = {isa = PBXFileReference; explicitFileType = archive.ar; includeInIndex = 0; path = libPods.a; sourceTree = BUILT_PRODUCTS_DIR; };
		6E0AB73F18B7B01C003DCF1E /* QuartzCore.framework */ = {isa = PBXFileReference; lastKnownFileType = wrapper.framework; name = QuartzCore.framework; path = System/Library/Frameworks/QuartzCore.framework; sourceTree = SDKROOT; };
		6E0AB74118B7C500003DCF1E /* LocaisTableViewController.h */ = {isa = PBXFileReference; fileEncoding = 4; lastKnownFileType = sourcecode.c.h; path = LocaisTableViewController.h; sourceTree = "<group>"; };
		6E0AB74218B7C500003DCF1E /* LocaisTableViewController.m */ = {isa = PBXFileReference; fileEncoding = 4; lastKnownFileType = sourcecode.c.objc; path = LocaisTableViewController.m; sourceTree = "<group>"; };
		6E0AB74918B7CB8B003DCF1E /* icone_locais.png */ = {isa = PBXFileReference; lastKnownFileType = image.png; path = icone_locais.png; sourceTree = "<group>"; };
		6E0AB74A18B7CB8B003DCF1E /* icone_locais@2x.png */ = {isa = PBXFileReference; lastKnownFileType = image.png; path = "icone_locais@2x.png"; sourceTree = "<group>"; };
		6E0AB75918B7D1E0003DCF1E /* icone_menu.png */ = {isa = PBXFileReference; lastKnownFileType = image.png; path = icone_menu.png; sourceTree = "<group>"; };
		6E0AB75A18B7D1E0003DCF1E /* icone_menu@2x.png */ = {isa = PBXFileReference; lastKnownFileType = image.png; path = "icone_menu@2x.png"; sourceTree = "<group>"; };
		6E0AB76518B7E179003DCF1E /* icone_nav.png */ = {isa = PBXFileReference; lastKnownFileType = image.png; path = icone_nav.png; sourceTree = "<group>"; };
		6E0AB76618B7E179003DCF1E /* icone_nav@2x.png */ = {isa = PBXFileReference; lastKnownFileType = image.png; path = "icone_nav@2x.png"; sourceTree = "<group>"; };
		6E70509818BAA68F0029E58A /* background@2x.jpg */ = {isa = PBXFileReference; lastKnownFileType = image.jpeg; path = "background@2x.jpg"; sourceTree = "<group>"; };
		6E70509918BAA68F0029E58A /* background-568h@2x.jpg */ = {isa = PBXFileReference; lastKnownFileType = image.jpeg; path = "background-568h@2x.jpg"; sourceTree = "<group>"; };
		6E7050A018BAB64F0029E58A /* SettingsViewController.h */ = {isa = PBXFileReference; fileEncoding = 4; lastKnownFileType = sourcecode.c.h; path = SettingsViewController.h; sourceTree = "<group>"; };
		6E7050A118BAB64F0029E58A /* SettingsViewController.m */ = {isa = PBXFileReference; fileEncoding = 4; lastKnownFileType = sourcecode.c.objc; path = SettingsViewController.m; sourceTree = "<group>"; };
		6E7050A418BABB160029E58A /* icone_inicio.png */ = {isa = PBXFileReference; lastKnownFileType = image.png; path = icone_inicio.png; sourceTree = "<group>"; };
		6E7050A518BABB160029E58A /* icone_inicio@2x.png */ = {isa = PBXFileReference; lastKnownFileType = image.png; path = "icone_inicio@2x.png"; sourceTree = "<group>"; };
		6EA939FA18B9B68C007B0025 /* fb_transparent.png */ = {isa = PBXFileReference; lastKnownFileType = image.png; path = fb_transparent.png; sourceTree = "<group>"; };
		6EA939FB18B9B68C007B0025 /* fb_transparent@2x.png */ = {isa = PBXFileReference; lastKnownFileType = image.png; path = "fb_transparent@2x.png"; sourceTree = "<group>"; };
		6EA939FE18B9BD9C007B0025 /* icone_configuracoes@2x.png */ = {isa = PBXFileReference; lastKnownFileType = image.png; path = "icone_configuracoes@2x.png"; sourceTree = "<group>"; };
		6EA939FF18B9BD9C007B0025 /* icone_logout@2x.png */ = {isa = PBXFileReference; lastKnownFileType = image.png; path = "icone_logout@2x.png"; sourceTree = "<group>"; };
		6EA93A0018B9BD9C007B0025 /* icone_profile@2x.png */ = {isa = PBXFileReference; lastKnownFileType = image.png; path = "icone_profile@2x.png"; sourceTree = "<group>"; };
		6EB6C61318C0199E00240B6B /* Local.h */ = {isa = PBXFileReference; fileEncoding = 4; lastKnownFileType = sourcecode.c.h; path = Local.h; sourceTree = "<group>"; };
		6EB6C61418C0199E00240B6B /* Local.m */ = {isa = PBXFileReference; fileEncoding = 4; lastKnownFileType = sourcecode.c.objc; path = Local.m; sourceTree = "<group>"; };
		6EB6C61718C01ED400240B6B /* PontoLocal.h */ = {isa = PBXFileReference; fileEncoding = 4; lastKnownFileType = sourcecode.c.h; path = PontoLocal.h; sourceTree = "<group>"; };
		6EB6C61818C01ED400240B6B /* PontoLocal.m */ = {isa = PBXFileReference; fileEncoding = 4; lastKnownFileType = sourcecode.c.objc; path = PontoLocal.m; sourceTree = "<group>"; };
		6EB6C61A18C020F800240B6B /* MapKit.framework */ = {isa = PBXFileReference; lastKnownFileType = wrapper.framework; name = MapKit.framework; path = System/Library/Frameworks/MapKit.framework; sourceTree = SDKROOT; };
		6EB6C61D18C025B000240B6B /* Usuario.h */ = {isa = PBXFileReference; fileEncoding = 4; lastKnownFileType = sourcecode.c.h; path = Usuario.h; sourceTree = "<group>"; };
		6EB6C61E18C025B000240B6B /* Usuario.m */ = {isa = PBXFileReference; fileEncoding = 4; lastKnownFileType = sourcecode.c.objc; path = Usuario.m; sourceTree = "<group>"; };
		6EBAE5B118B69C8C0050FC63 /* MenuViewController.h */ = {isa = PBXFileReference; fileEncoding = 4; lastKnownFileType = sourcecode.c.h; path = MenuViewController.h; sourceTree = "<group>"; };
		6EBAE5B218B69C8C0050FC63 /* MenuViewController.m */ = {isa = PBXFileReference; fileEncoding = 4; lastKnownFileType = sourcecode.c.objc; path = MenuViewController.m; sourceTree = "<group>"; };
		6EE440C618C02C870033D95B /* MappingProvider.h */ = {isa = PBXFileReference; fileEncoding = 4; lastKnownFileType = sourcecode.c.h; path = MappingProvider.h; sourceTree = "<group>"; };
		6EE440C718C02C870033D95B /* MappingProvider.m */ = {isa = PBXFileReference; fileEncoding = 4; lastKnownFileType = sourcecode.c.objc; path = MappingProvider.m; sourceTree = "<group>"; };
		6EE440C918C037590033D95B /* TopLocaisComCheckinCell.h */ = {isa = PBXFileReference; fileEncoding = 4; lastKnownFileType = sourcecode.c.h; path = TopLocaisComCheckinCell.h; sourceTree = "<group>"; };
		6EE440CA18C037590033D95B /* TopLocaisComCheckinCell.m */ = {isa = PBXFileReference; fileEncoding = 4; lastKnownFileType = sourcecode.c.objc; path = TopLocaisComCheckinCell.m; sourceTree = "<group>"; };
		6EF4313818B17755007F7D79 /* Pubsee.app */ = {isa = PBXFileReference; explicitFileType = wrapper.application; includeInIndex = 0; path = Pubsee.app; sourceTree = BUILT_PRODUCTS_DIR; };
		6EF4313B18B17755007F7D79 /* Foundation.framework */ = {isa = PBXFileReference; lastKnownFileType = wrapper.framework; name = Foundation.framework; path = System/Library/Frameworks/Foundation.framework; sourceTree = SDKROOT; };
		6EF4313D18B17755007F7D79 /* CoreGraphics.framework */ = {isa = PBXFileReference; lastKnownFileType = wrapper.framework; name = CoreGraphics.framework; path = System/Library/Frameworks/CoreGraphics.framework; sourceTree = SDKROOT; };
		6EF4313F18B17755007F7D79 /* UIKit.framework */ = {isa = PBXFileReference; lastKnownFileType = wrapper.framework; name = UIKit.framework; path = System/Library/Frameworks/UIKit.framework; sourceTree = SDKROOT; };
		6EF4314318B17755007F7D79 /* Pubsee-Info.plist */ = {isa = PBXFileReference; lastKnownFileType = text.plist.xml; path = "Pubsee-Info.plist"; sourceTree = "<group>"; };
		6EF4314518B17755007F7D79 /* en */ = {isa = PBXFileReference; lastKnownFileType = text.plist.strings; name = en; path = en.lproj/InfoPlist.strings; sourceTree = "<group>"; };
		6EF4314718B17755007F7D79 /* main.m */ = {isa = PBXFileReference; lastKnownFileType = sourcecode.c.objc; path = main.m; sourceTree = "<group>"; };
		6EF4314918B17755007F7D79 /* Pubsee-Prefix.pch */ = {isa = PBXFileReference; lastKnownFileType = sourcecode.c.h; path = "Pubsee-Prefix.pch"; sourceTree = "<group>"; };
		6EF4314A18B17755007F7D79 /* AppDelegate.h */ = {isa = PBXFileReference; lastKnownFileType = sourcecode.c.h; path = AppDelegate.h; sourceTree = "<group>"; };
		6EF4314B18B17755007F7D79 /* AppDelegate.m */ = {isa = PBXFileReference; lastKnownFileType = sourcecode.c.objc; path = AppDelegate.m; sourceTree = "<group>"; };
		6EF4314E18B17755007F7D79 /* Base */ = {isa = PBXFileReference; lastKnownFileType = file.storyboard; name = Base; path = Base.lproj/Main.storyboard; sourceTree = "<group>"; };
		6EF4315318B17755007F7D79 /* Images.xcassets */ = {isa = PBXFileReference; lastKnownFileType = folder.assetcatalog; path = Images.xcassets; sourceTree = "<group>"; };
		6EF4315918B17755007F7D79 /* PubseeTests.xctest */ = {isa = PBXFileReference; explicitFileType = wrapper.cfbundle; includeInIndex = 0; path = PubseeTests.xctest; sourceTree = BUILT_PRODUCTS_DIR; };
		6EF4315A18B17755007F7D79 /* XCTest.framework */ = {isa = PBXFileReference; lastKnownFileType = wrapper.framework; name = XCTest.framework; path = Library/Frameworks/XCTest.framework; sourceTree = DEVELOPER_DIR; };
		6EF4316218B17755007F7D79 /* PubseeTests-Info.plist */ = {isa = PBXFileReference; lastKnownFileType = text.plist.xml; path = "PubseeTests-Info.plist"; sourceTree = "<group>"; };
		6EF4316418B17755007F7D79 /* en */ = {isa = PBXFileReference; lastKnownFileType = text.plist.strings; name = en; path = en.lproj/InfoPlist.strings; sourceTree = "<group>"; };
		6EF4316618B17755007F7D79 /* PubseeTests.m */ = {isa = PBXFileReference; lastKnownFileType = sourcecode.c.objc; path = PubseeTests.m; sourceTree = "<group>"; };
		6EF4D31018B3F6CE00334BDD /* LoginViewController.h */ = {isa = PBXFileReference; fileEncoding = 4; lastKnownFileType = sourcecode.c.h; path = LoginViewController.h; sourceTree = "<group>"; };
		6EF4D31118B3F6CE00334BDD /* LoginViewController.m */ = {isa = PBXFileReference; fileEncoding = 4; lastKnownFileType = sourcecode.c.objc; path = LoginViewController.m; sourceTree = "<group>"; };
		6EF4D31318B3F6F800334BDD /* HomeViewController.h */ = {isa = PBXFileReference; fileEncoding = 4; lastKnownFileType = sourcecode.c.h; path = HomeViewController.h; sourceTree = "<group>"; };
		6EF4D31418B3F6F800334BDD /* HomeViewController.m */ = {isa = PBXFileReference; fileEncoding = 4; lastKnownFileType = sourcecode.c.objc; path = HomeViewController.m; sourceTree = "<group>"; };
		8F94774986434E72A3843F3E /* Pods.xcconfig */ = {isa = PBXFileReference; includeInIndex = 1; lastKnownFileType = text.xcconfig; name = Pods.xcconfig; path = Pods/Pods.xcconfig; sourceTree = "<group>"; };
/* End PBXFileReference section */

/* Begin PBXFrameworksBuildPhase section */
		6EF4313518B17755007F7D79 /* Frameworks */ = {
			isa = PBXFrameworksBuildPhase;
			buildActionMask = 2147483647;
			files = (
				6EB6C61B18C020F800240B6B /* MapKit.framework in Frameworks */,
				6E0AB74018B7B01C003DCF1E /* QuartzCore.framework in Frameworks */,
				6EF4313E18B17755007F7D79 /* CoreGraphics.framework in Frameworks */,
				6EF4314018B17755007F7D79 /* UIKit.framework in Frameworks */,
				6EF4313C18B17755007F7D79 /* Foundation.framework in Frameworks */,
				7FA1C988812E4A6EA3EBA1CA /* libPods.a in Frameworks */,
			);
			runOnlyForDeploymentPostprocessing = 0;
		};
		6EF4315618B17755007F7D79 /* Frameworks */ = {
			isa = PBXFrameworksBuildPhase;
			buildActionMask = 2147483647;
			files = (
				6EF4315B18B17755007F7D79 /* XCTest.framework in Frameworks */,
				6EF4315D18B17755007F7D79 /* UIKit.framework in Frameworks */,
				6EF4315C18B17755007F7D79 /* Foundation.framework in Frameworks */,
			);
			runOnlyForDeploymentPostprocessing = 0;
		};
/* End PBXFrameworksBuildPhase section */

/* Begin PBXGroup section */
		6E0AB74418B7C50C003DCF1E /* Locais */ = {
			isa = PBXGroup;
			children = (
				6E0AB74118B7C500003DCF1E /* LocaisTableViewController.h */,
				6E0AB74218B7C500003DCF1E /* LocaisTableViewController.m */,
				6EE440C918C037590033D95B /* TopLocaisComCheckinCell.h */,
				6EE440CA18C037590033D95B /* TopLocaisComCheckinCell.m */,
			);
			name = Locais;
			sourceTree = "<group>";
		};
		6E7050A318BAB65C0029E58A /* Settings */ = {
			isa = PBXGroup;
			children = (
				6E7050A018BAB64F0029E58A /* SettingsViewController.h */,
				6E7050A118BAB64F0029E58A /* SettingsViewController.m */,
			);
			name = Settings;
			sourceTree = "<group>";
		};
		6EB6C61118C0196600240B6B /* Model */ = {
			isa = PBXGroup;
			children = (
				6EB6C61C18C025A100240B6B /* Usuario */,
				6EB6C61218C0197600240B6B /* Local */,
			);
			name = Model;
			sourceTree = "<group>";
		};
		6EB6C61218C0197600240B6B /* Local */ = {
			isa = PBXGroup;
			children = (
				6EB6C61318C0199E00240B6B /* Local.h */,
				6EB6C61418C0199E00240B6B /* Local.m */,
			);
			name = Local;
			sourceTree = "<group>";
		};
		6EB6C61618C01E6C00240B6B /* View */ = {
			isa = PBXGroup;
			children = (
				6EB6C61718C01ED400240B6B /* PontoLocal.h */,
				6EB6C61818C01ED400240B6B /* PontoLocal.m */,
			);
			name = View;
			sourceTree = "<group>";
		};
		6EB6C61C18C025A100240B6B /* Usuario */ = {
			isa = PBXGroup;
			children = (
				6EB6C61D18C025B000240B6B /* Usuario.h */,
				6EB6C61E18C025B000240B6B /* Usuario.m */,
			);
			name = Usuario;
			sourceTree = "<group>";
		};
		6EBAE5AF18B69C620050FC63 /* Home */ = {
			isa = PBXGroup;
			children = (
				6EF4D31318B3F6F800334BDD /* HomeViewController.h */,
				6EF4D31418B3F6F800334BDD /* HomeViewController.m */,
			);
			name = Home;
			sourceTree = "<group>";
		};
		6EBAE5B018B69C680050FC63 /* Menu */ = {
			isa = PBXGroup;
			children = (
				6EBAE5B118B69C8C0050FC63 /* MenuViewController.h */,
				6EBAE5B218B69C8C0050FC63 /* MenuViewController.m */,
			);
			name = Menu;
			sourceTree = "<group>";
		};
		6EBAE5B418B6B12E0050FC63 /* Resources */ = {
			isa = PBXGroup;
			children = (
				6EBAE5B518B6B1350050FC63 /* Images */,
			);
			name = Resources;
			sourceTree = "<group>";
		};
		6EBAE5B518B6B1350050FC63 /* Images */ = {
			isa = PBXGroup;
			children = (
				6E70509818BAA68F0029E58A /* background@2x.jpg */,
				6E70509918BAA68F0029E58A /* background-568h@2x.jpg */,
				6EA939FE18B9BD9C007B0025 /* icone_configuracoes@2x.png */,
				6EA939FF18B9BD9C007B0025 /* icone_logout@2x.png */,
				6EA93A0018B9BD9C007B0025 /* icone_profile@2x.png */,
				6EA939FA18B9B68C007B0025 /* fb_transparent.png */,
				6EA939FB18B9B68C007B0025 /* fb_transparent@2x.png */,
				6E7050A418BABB160029E58A /* icone_inicio.png */,
				6E7050A518BABB160029E58A /* icone_inicio@2x.png */,
				6E0AB75918B7D1E0003DCF1E /* icone_menu.png */,
				6E0AB75A18B7D1E0003DCF1E /* icone_menu@2x.png */,
				6E0AB74918B7CB8B003DCF1E /* icone_locais.png */,
				6E0AB74A18B7CB8B003DCF1E /* icone_locais@2x.png */,
				6E0AB76518B7E179003DCF1E /* icone_nav.png */,
				6E0AB76618B7E179003DCF1E /* icone_nav@2x.png */,
			);
			name = Images;
			sourceTree = "<group>";
		};
		6EE440C518C02BEA0033D95B /* MappingProvider */ = {
			isa = PBXGroup;
			children = (
				6EE440C618C02C870033D95B /* MappingProvider.h */,
				6EE440C718C02C870033D95B /* MappingProvider.m */,
			);
			name = MappingProvider;
			sourceTree = "<group>";
		};
		6EE518BA18B186B400250C71 /* Controller */ = {
			isa = PBXGroup;
			children = (
				6E7050A318BAB65C0029E58A /* Settings */,
				6E0AB74418B7C50C003DCF1E /* Locais */,
				6EBAE5B018B69C680050FC63 /* Menu */,
				6EBAE5AF18B69C620050FC63 /* Home */,
				6EE518BB18B186C900250C71 /* Login */,
			);
			name = Controller;
			sourceTree = "<group>";
		};
		6EE518BB18B186C900250C71 /* Login */ = {
			isa = PBXGroup;
			children = (
				6EF4D31018B3F6CE00334BDD /* LoginViewController.h */,
				6EF4D31118B3F6CE00334BDD /* LoginViewController.m */,
			);
			name = Login;
			sourceTree = "<group>";
		};
		6EF4312F18B17755007F7D79 = {
			isa = PBXGroup;
			children = (
				6EF4314118B17755007F7D79 /* Pubsee */,
				6EF4316018B17755007F7D79 /* PubseeTests */,
				6EF4313A18B17755007F7D79 /* Frameworks */,
				6EF4313918B17755007F7D79 /* Products */,
				8F94774986434E72A3843F3E /* Pods.xcconfig */,
			);
			sourceTree = "<group>";
		};
		6EF4313918B17755007F7D79 /* Products */ = {
			isa = PBXGroup;
			children = (
				6EF4313818B17755007F7D79 /* Pubsee.app */,
				6EF4315918B17755007F7D79 /* PubseeTests.xctest */,
			);
			name = Products;
			sourceTree = "<group>";
		};
		6EF4313A18B17755007F7D79 /* Frameworks */ = {
			isa = PBXGroup;
			children = (
				6EB6C61A18C020F800240B6B /* MapKit.framework */,
				6E0AB73F18B7B01C003DCF1E /* QuartzCore.framework */,
				6EF4313B18B17755007F7D79 /* Foundation.framework */,
				6EF4313D18B17755007F7D79 /* CoreGraphics.framework */,
				6EF4313F18B17755007F7D79 /* UIKit.framework */,
				6EF4315A18B17755007F7D79 /* XCTest.framework */,
				5D1EBCE35BD04265881DE629 /* libPods.a */,
			);
			name = Frameworks;
			sourceTree = "<group>";
		};
		6EF4314118B17755007F7D79 /* Pubsee */ = {
			isa = PBXGroup;
			children = (
				6EF4314A18B17755007F7D79 /* AppDelegate.h */,
				6EF4314B18B17755007F7D79 /* AppDelegate.m */,
				6EF4314D18B17755007F7D79 /* Main.storyboard */,
				6EE440C518C02BEA0033D95B /* MappingProvider */,
				6EB6C61118C0196600240B6B /* Model */,
				6EE518BA18B186B400250C71 /* Controller */,
				6EB6C61618C01E6C00240B6B /* View */,
				6EF4315318B17755007F7D79 /* Images.xcassets */,
				6EBAE5B418B6B12E0050FC63 /* Resources */,
				6EF4314218B17755007F7D79 /* Supporting Files */,
			);
			path = Pubsee;
			sourceTree = "<group>";
		};
		6EF4314218B17755007F7D79 /* Supporting Files */ = {
			isa = PBXGroup;
			children = (
				6EF4314318B17755007F7D79 /* Pubsee-Info.plist */,
				6EF4314418B17755007F7D79 /* InfoPlist.strings */,
				6EF4314718B17755007F7D79 /* main.m */,
				6EF4314918B17755007F7D79 /* Pubsee-Prefix.pch */,
			);
			name = "Supporting Files";
			sourceTree = "<group>";
		};
		6EF4316018B17755007F7D79 /* PubseeTests */ = {
			isa = PBXGroup;
			children = (
				6EF4316618B17755007F7D79 /* PubseeTests.m */,
				6EF4316118B17755007F7D79 /* Supporting Files */,
			);
			path = PubseeTests;
			sourceTree = "<group>";
		};
		6EF4316118B17755007F7D79 /* Supporting Files */ = {
			isa = PBXGroup;
			children = (
				6EF4316218B17755007F7D79 /* PubseeTests-Info.plist */,
				6EF4316318B17755007F7D79 /* InfoPlist.strings */,
			);
			name = "Supporting Files";
			sourceTree = "<group>";
		};
/* End PBXGroup section */

/* Begin PBXNativeTarget section */
		6EF4313718B17755007F7D79 /* Pubsee */ = {
			isa = PBXNativeTarget;
			buildConfigurationList = 6EF4316A18B17755007F7D79 /* Build configuration list for PBXNativeTarget "Pubsee" */;
			buildPhases = (
				1E8BA3B094904C53BE326F77 /* Check Pods Manifest.lock */,
				6EF4313418B17755007F7D79 /* Sources */,
				6EF4313518B17755007F7D79 /* Frameworks */,
				6EF4313618B17755007F7D79 /* Resources */,
				981144A608F9493797F037F6 /* Copy Pods Resources */,
			);
			buildRules = (
			);
			dependencies = (
			);
			name = Pubsee;
			productName = Pubsee;
			productReference = 6EF4313818B17755007F7D79 /* Pubsee.app */;
			productType = "com.apple.product-type.application";
		};
		6EF4315818B17755007F7D79 /* PubseeTests */ = {
			isa = PBXNativeTarget;
			buildConfigurationList = 6EF4316D18B17755007F7D79 /* Build configuration list for PBXNativeTarget "PubseeTests" */;
			buildPhases = (
				6EF4315518B17755007F7D79 /* Sources */,
				6EF4315618B17755007F7D79 /* Frameworks */,
				6EF4315718B17755007F7D79 /* Resources */,
			);
			buildRules = (
			);
			dependencies = (
				6EF4315F18B17755007F7D79 /* PBXTargetDependency */,
			);
			name = PubseeTests;
			productName = PubseeTests;
			productReference = 6EF4315918B17755007F7D79 /* PubseeTests.xctest */;
			productType = "com.apple.product-type.bundle.unit-test";
		};
/* End PBXNativeTarget section */

/* Begin PBXProject section */
		6EF4313018B17755007F7D79 /* Project object */ = {
			isa = PBXProject;
			attributes = {
				LastUpgradeCheck = 0500;
				ORGANIZATIONNAME = "Thiago Castro";
				TargetAttributes = {
					6EF4315818B17755007F7D79 = {
						TestTargetID = 6EF4313718B17755007F7D79;
					};
				};
			};
			buildConfigurationList = 6EF4313318B17755007F7D79 /* Build configuration list for PBXProject "Pubsee" */;
			compatibilityVersion = "Xcode 3.2";
			developmentRegion = English;
			hasScannedForEncodings = 0;
			knownRegions = (
				en,
				Base,
			);
			mainGroup = 6EF4312F18B17755007F7D79;
			productRefGroup = 6EF4313918B17755007F7D79 /* Products */;
			projectDirPath = "";
			projectRoot = "";
			targets = (
				6EF4313718B17755007F7D79 /* Pubsee */,
				6EF4315818B17755007F7D79 /* PubseeTests */,
			);
		};
/* End PBXProject section */

/* Begin PBXResourcesBuildPhase section */
		6EF4313618B17755007F7D79 /* Resources */ = {
			isa = PBXResourcesBuildPhase;
			buildActionMask = 2147483647;
			files = (
				6EF4315418B17755007F7D79 /* Images.xcassets in Resources */,
				6E70509A18BAA68F0029E58A /* background@2x.jpg in Resources */,
				6EA93A0318B9BD9C007B0025 /* icone_profile@2x.png in Resources */,
				6EA93A0118B9BD9C007B0025 /* icone_configuracoes@2x.png in Resources */,
				6E0AB74E18B7CB8B003DCF1E /* icone_locais@2x.png in Resources */,
				6E0AB76718B7E179003DCF1E /* icone_nav.png in Resources */,
				6EA939FC18B9B68C007B0025 /* fb_transparent.png in Resources */,
				6E0AB74D18B7CB8B003DCF1E /* icone_locais.png in Resources */,
				6EA93A0218B9BD9C007B0025 /* icone_logout@2x.png in Resources */,
				6E0AB75B18B7D1E0003DCF1E /* icone_menu.png in Resources */,
				6E70509B18BAA68F0029E58A /* background-568h@2x.jpg in Resources */,
				6EA939FD18B9B68C007B0025 /* fb_transparent@2x.png in Resources */,
				6E7050A718BABB160029E58A /* icone_inicio@2x.png in Resources */,
				6EF4314618B17755007F7D79 /* InfoPlist.strings in Resources */,
				6E0AB75C18B7D1E0003DCF1E /* icone_menu@2x.png in Resources */,
				6E0AB76818B7E179003DCF1E /* icone_nav@2x.png in Resources */,
				6E7050A618BABB160029E58A /* icone_inicio.png in Resources */,
				6EF4314F18B17755007F7D79 /* Main.storyboard in Resources */,
			);
			runOnlyForDeploymentPostprocessing = 0;
		};
		6EF4315718B17755007F7D79 /* Resources */ = {
			isa = PBXResourcesBuildPhase;
			buildActionMask = 2147483647;
			files = (
				6EF4316518B17755007F7D79 /* InfoPlist.strings in Resources */,
			);
			runOnlyForDeploymentPostprocessing = 0;
		};
/* End PBXResourcesBuildPhase section */

/* Begin PBXShellScriptBuildPhase section */
		1E8BA3B094904C53BE326F77 /* Check Pods Manifest.lock */ = {
			isa = PBXShellScriptBuildPhase;
			buildActionMask = 2147483647;
			files = (
			);
			inputPaths = (
			);
			name = "Check Pods Manifest.lock";
			outputPaths = (
			);
			runOnlyForDeploymentPostprocessing = 0;
			shellPath = /bin/sh;
			shellScript = "diff \"${PODS_ROOT}/../Podfile.lock\" \"${PODS_ROOT}/Manifest.lock\" > /dev/null\nif [[ $? != 0 ]] ; then\n    cat << EOM\nerror: The sandbox is not in sync with the Podfile.lock. Run 'pod install' or update your CocoaPods installation.\nEOM\n    exit 1\nfi\n";
			showEnvVarsInLog = 0;
		};
		981144A608F9493797F037F6 /* Copy Pods Resources */ = {
			isa = PBXShellScriptBuildPhase;
			buildActionMask = 2147483647;
			files = (
			);
			inputPaths = (
			);
			name = "Copy Pods Resources";
			outputPaths = (
			);
			runOnlyForDeploymentPostprocessing = 0;
			shellPath = /bin/sh;
			shellScript = "\"${SRCROOT}/Pods/Pods-resources.sh\"\n";
			showEnvVarsInLog = 0;
		};
/* End PBXShellScriptBuildPhase section */

/* Begin PBXSourcesBuildPhase section */
		6EF4313418B17755007F7D79 /* Sources */ = {
			isa = PBXSourcesBuildPhase;
			buildActionMask = 2147483647;
			files = (
				6EE440C818C02C870033D95B /* MappingProvider.m in Sources */,
				6EB6C61F18C025B000240B6B /* Usuario.m in Sources */,
				6EF4314C18B17755007F7D79 /* AppDelegate.m in Sources */,
				6EF4314818B17755007F7D79 /* main.m in Sources */,
				6E0AB74318B7C500003DCF1E /* LocaisTableViewController.m in Sources */,
				6EF4D31218B3F6CE00334BDD /* LoginViewController.m in Sources */,
				6EE440CB18C037590033D95B /* TopLocaisComCheckinCell.m in Sources */,
				6EF4D31518B3F6F800334BDD /* HomeViewController.m in Sources */,
				6EB6C61518C0199E00240B6B /* Local.m in Sources */,
				6EBAE5B318B69C8C0050FC63 /* MenuViewController.m in Sources */,
				6E7050A218BAB64F0029E58A /* SettingsViewController.m in Sources */,
				6EB6C61918C01ED400240B6B /* PontoLocal.m in Sources */,
			);
			runOnlyForDeploymentPostprocessing = 0;
		};
		6EF4315518B17755007F7D79 /* Sources */ = {
			isa = PBXSourcesBuildPhase;
			buildActionMask = 2147483647;
			files = (
				6EF4316718B17755007F7D79 /* PubseeTests.m in Sources */,
			);
			runOnlyForDeploymentPostprocessing = 0;
		};
/* End PBXSourcesBuildPhase section */

/* Begin PBXTargetDependency section */
		6EF4315F18B17755007F7D79 /* PBXTargetDependency */ = {
			isa = PBXTargetDependency;
			target = 6EF4313718B17755007F7D79 /* Pubsee */;
			targetProxy = 6EF4315E18B17755007F7D79 /* PBXContainerItemProxy */;
		};
/* End PBXTargetDependency section */

/* Begin PBXVariantGroup section */
		6EF4314418B17755007F7D79 /* InfoPlist.strings */ = {
			isa = PBXVariantGroup;
			children = (
				6EF4314518B17755007F7D79 /* en */,
			);
			name = InfoPlist.strings;
			sourceTree = "<group>";
		};
		6EF4314D18B17755007F7D79 /* Main.storyboard */ = {
			isa = PBXVariantGroup;
			children = (
				6EF4314E18B17755007F7D79 /* Base */,
			);
			name = Main.storyboard;
			sourceTree = "<group>";
		};
		6EF4316318B17755007F7D79 /* InfoPlist.strings */ = {
			isa = PBXVariantGroup;
			children = (
				6EF4316418B17755007F7D79 /* en */,
			);
			name = InfoPlist.strings;
			sourceTree = "<group>";
		};
/* End PBXVariantGroup section */

/* Begin XCBuildConfiguration section */
		6EF4316818B17755007F7D79 /* Debug */ = {
			isa = XCBuildConfiguration;
			buildSettings = {
				ALWAYS_SEARCH_USER_PATHS = NO;
				ARCHS = "$(ARCHS_STANDARD_INCLUDING_64_BIT)";
				CLANG_CXX_LANGUAGE_STANDARD = "gnu++0x";
				CLANG_CXX_LIBRARY = "libc++";
				CLANG_ENABLE_MODULES = YES;
				CLANG_ENABLE_OBJC_ARC = YES;
				CLANG_WARN_BOOL_CONVERSION = YES;
				CLANG_WARN_CONSTANT_CONVERSION = YES;
				CLANG_WARN_DIRECT_OBJC_ISA_USAGE = YES_ERROR;
				CLANG_WARN_EMPTY_BODY = YES;
				CLANG_WARN_ENUM_CONVERSION = YES;
				CLANG_WARN_INT_CONVERSION = YES;
				CLANG_WARN_OBJC_ROOT_CLASS = YES_ERROR;
				CLANG_WARN__DUPLICATE_METHOD_MATCH = YES;
				"CODE_SIGN_IDENTITY[sdk=iphoneos*]" = "iPhone Developer";
				COPY_PHASE_STRIP = NO;
				GCC_C_LANGUAGE_STANDARD = gnu99;
				GCC_DYNAMIC_NO_PIC = NO;
				GCC_OPTIMIZATION_LEVEL = 0;
				GCC_PREPROCESSOR_DEFINITIONS = (
					"DEBUG=1",
					"$(inherited)",
				);
				GCC_SYMBOLS_PRIVATE_EXTERN = NO;
				GCC_WARN_64_TO_32_BIT_CONVERSION = YES;
				GCC_WARN_ABOUT_RETURN_TYPE = YES_ERROR;
				GCC_WARN_UNDECLARED_SELECTOR = YES;
				GCC_WARN_UNINITIALIZED_AUTOS = YES;
				GCC_WARN_UNUSED_FUNCTION = YES;
				GCC_WARN_UNUSED_VARIABLE = YES;
				IPHONEOS_DEPLOYMENT_TARGET = 7.0;
				ONLY_ACTIVE_ARCH = YES;
				SDKROOT = iphoneos;
			};
			name = Debug;
		};
		6EF4316918B17755007F7D79 /* Release */ = {
			isa = XCBuildConfiguration;
			buildSettings = {
				ALWAYS_SEARCH_USER_PATHS = NO;
				ARCHS = "$(ARCHS_STANDARD_INCLUDING_64_BIT)";
				CLANG_CXX_LANGUAGE_STANDARD = "gnu++0x";
				CLANG_CXX_LIBRARY = "libc++";
				CLANG_ENABLE_MODULES = YES;
				CLANG_ENABLE_OBJC_ARC = YES;
				CLANG_WARN_BOOL_CONVERSION = YES;
				CLANG_WARN_CONSTANT_CONVERSION = YES;
				CLANG_WARN_DIRECT_OBJC_ISA_USAGE = YES_ERROR;
				CLANG_WARN_EMPTY_BODY = YES;
				CLANG_WARN_ENUM_CONVERSION = YES;
				CLANG_WARN_INT_CONVERSION = YES;
				CLANG_WARN_OBJC_ROOT_CLASS = YES_ERROR;
				CLANG_WARN__DUPLICATE_METHOD_MATCH = YES;
				"CODE_SIGN_IDENTITY[sdk=iphoneos*]" = "iPhone Developer";
				COPY_PHASE_STRIP = YES;
				ENABLE_NS_ASSERTIONS = NO;
				GCC_C_LANGUAGE_STANDARD = gnu99;
				GCC_WARN_64_TO_32_BIT_CONVERSION = YES;
				GCC_WARN_ABOUT_RETURN_TYPE = YES_ERROR;
				GCC_WARN_UNDECLARED_SELECTOR = YES;
				GCC_WARN_UNINITIALIZED_AUTOS = YES;
				GCC_WARN_UNUSED_FUNCTION = YES;
				GCC_WARN_UNUSED_VARIABLE = YES;
				IPHONEOS_DEPLOYMENT_TARGET = 7.0;
				SDKROOT = iphoneos;
				VALIDATE_PRODUCT = YES;
			};
			name = Release;
		};
		6EF4316B18B17755007F7D79 /* Debug */ = {
			isa = XCBuildConfiguration;
			baseConfigurationReference = 8F94774986434E72A3843F3E /* Pods.xcconfig */;
			buildSettings = {
				ASSETCATALOG_COMPILER_APPICON_NAME = AppIcon;
				ASSETCATALOG_COMPILER_LAUNCHIMAGE_NAME = LaunchImage;
				GCC_PRECOMPILE_PREFIX_HEADER = YES;
				GCC_PREFIX_HEADER = "Pubsee/Pubsee-Prefix.pch";
				INFOPLIST_FILE = "Pubsee/Pubsee-Info.plist";
				PRODUCT_NAME = "$(TARGET_NAME)";
				WRAPPER_EXTENSION = app;
			};
			name = Debug;
		};
		6EF4316C18B17755007F7D79 /* Release */ = {
			isa = XCBuildConfiguration;
			baseConfigurationReference = 8F94774986434E72A3843F3E /* Pods.xcconfig */;
			buildSettings = {
				ASSETCATALOG_COMPILER_APPICON_NAME = AppIcon;
				ASSETCATALOG_COMPILER_LAUNCHIMAGE_NAME = LaunchImage;
				GCC_PRECOMPILE_PREFIX_HEADER = YES;
				GCC_PREFIX_HEADER = "Pubsee/Pubsee-Prefix.pch";
				INFOPLIST_FILE = "Pubsee/Pubsee-Info.plist";
				PRODUCT_NAME = "$(TARGET_NAME)";
				WRAPPER_EXTENSION = app;
			};
			name = Release;
		};
		6EF4316E18B17755007F7D79 /* Debug */ = {
			isa = XCBuildConfiguration;
			buildSettings = {
				ARCHS = "$(ARCHS_STANDARD_INCLUDING_64_BIT)";
				BUNDLE_LOADER = "$(BUILT_PRODUCTS_DIR)/Pubsee.app/Pubsee";
				FRAMEWORK_SEARCH_PATHS = (
					"$(SDKROOT)/Developer/Library/Frameworks",
					"$(inherited)",
					"$(DEVELOPER_FRAMEWORKS_DIR)",
				);
				GCC_PRECOMPILE_PREFIX_HEADER = YES;
				GCC_PREFIX_HEADER = "Pubsee/Pubsee-Prefix.pch";
				GCC_PREPROCESSOR_DEFINITIONS = (
					"DEBUG=1",
					"$(inherited)",
				);
				INFOPLIST_FILE = "PubseeTests/PubseeTests-Info.plist";
				PRODUCT_NAME = "$(TARGET_NAME)";
				TEST_HOST = "$(BUNDLE_LOADER)";
				WRAPPER_EXTENSION = xctest;
			};
			name = Debug;
		};
		6EF4316F18B17755007F7D79 /* Release */ = {
			isa = XCBuildConfiguration;
			buildSettings = {
				ARCHS = "$(ARCHS_STANDARD_INCLUDING_64_BIT)";
				BUNDLE_LOADER = "$(BUILT_PRODUCTS_DIR)/Pubsee.app/Pubsee";
				FRAMEWORK_SEARCH_PATHS = (
					"$(SDKROOT)/Developer/Library/Frameworks",
					"$(inherited)",
					"$(DEVELOPER_FRAMEWORKS_DIR)",
				);
				GCC_PRECOMPILE_PREFIX_HEADER = YES;
				GCC_PREFIX_HEADER = "Pubsee/Pubsee-Prefix.pch";
				INFOPLIST_FILE = "PubseeTests/PubseeTests-Info.plist";
				PRODUCT_NAME = "$(TARGET_NAME)";
				TEST_HOST = "$(BUNDLE_LOADER)";
				WRAPPER_EXTENSION = xctest;
			};
			name = Release;
		};
/* End XCBuildConfiguration section */

/* Begin XCConfigurationList section */
		6EF4313318B17755007F7D79 /* Build configuration list for PBXProject "Pubsee" */ = {
			isa = XCConfigurationList;
			buildConfigurations = (
				6EF4316818B17755007F7D79 /* Debug */,
				6EF4316918B17755007F7D79 /* Release */,
			);
			defaultConfigurationIsVisible = 0;
			defaultConfigurationName = Release;
		};
		6EF4316A18B17755007F7D79 /* Build configuration list for PBXNativeTarget "Pubsee" */ = {
			isa = XCConfigurationList;
			buildConfigurations = (
				6EF4316B18B17755007F7D79 /* Debug */,
				6EF4316C18B17755007F7D79 /* Release */,
			);
			defaultConfigurationIsVisible = 0;
			defaultConfigurationName = Release;
		};
		6EF4316D18B17755007F7D79 /* Build configuration list for PBXNativeTarget "PubseeTests" */ = {
			isa = XCConfigurationList;
			buildConfigurations = (
				6EF4316E18B17755007F7D79 /* Debug */,
				6EF4316F18B17755007F7D79 /* Release */,
			);
			defaultConfigurationIsVisible = 0;
			defaultConfigurationName = Release;
		};
/* End XCConfigurationList section */
	};
	rootObject = 6EF4313018B17755007F7D79 /* Project object */;
}
